// !$*UTF8*$!
{
	archiveVersion = 1;
	classes = {
	};
	objectVersion = 45;
	objects = {

/* Begin PBXBuildFile section */
		1D3623260D0F684500981E51 /* SampleAppDelegate.m in Sources */ = {isa = PBXBuildFile; fileRef = 1D3623250D0F684500981E51 /* SampleAppDelegate.m */; };
		1D60589B0D05DD56006BFB54 /* main.m in Sources */ = {isa = PBXBuildFile; fileRef = 29B97316FDCFA39411CA2CEA /* main.m */; };
		1D60589F0D05DD5A006BFB54 /* Foundation.framework in Frameworks */ = {isa = PBXBuildFile; fileRef = 1D30AB110D05D00D00671497 /* Foundation.framework */; };
		1DF5F4E00D08C38300B7A737 /* UIKit.framework in Frameworks */ = {isa = PBXBuildFile; fileRef = 1DF5F4DF0D08C38300B7A737 /* UIKit.framework */; };
		288765FD0DF74451002DB57D /* CoreGraphics.framework in Frameworks */ = {isa = PBXBuildFile; fileRef = 288765FC0DF74451002DB57D /* CoreGraphics.framework */; };
		28AD733F0D9D9553002E5188 /* MainWindow.xib in Resources */ = {isa = PBXBuildFile; fileRef = 28AD733E0D9D9553002E5188 /* MainWindow.xib */; };
		6813F443112075BB006B7215 /* KTPhotoBrowserDataSource.m in Sources */ = {isa = PBXBuildFile; fileRef = 6813F43A112075BB006B7215 /* KTPhotoBrowserDataSource.m */; };
		6813F444112075BB006B7215 /* KTPhotoScrollViewController.m in Sources */ = {isa = PBXBuildFile; fileRef = 6813F43C112075BB006B7215 /* KTPhotoScrollViewController.m */; };
		6813F445112075BB006B7215 /* KTPhotoViewController.m in Sources */ = {isa = PBXBuildFile; fileRef = 6813F43E112075BB006B7215 /* KTPhotoViewController.m */; };
		6813F446112075BB006B7215 /* KTThumbsViewController.m in Sources */ = {isa = PBXBuildFile; fileRef = 6813F440112075BB006B7215 /* KTThumbsViewController.m */; };
		6813F447112075BB006B7215 /* KTThumbView.m in Sources */ = {isa = PBXBuildFile; fileRef = 6813F442112075BB006B7215 /* KTThumbView.m */; };
		6813F456112093BB006B7215 /* UIImage+KTCategory.m in Sources */ = {isa = PBXBuildFile; fileRef = 6813F455112093BB006B7215 /* UIImage+KTCategory.m */; };
		6813F46811209462006B7215 /* RootViewController.m in Sources */ = {isa = PBXBuildFile; fileRef = 6813F46711209462006B7215 /* RootViewController.m */; };
		6813F48611209612006B7215 /* PhotoPickerController.m in Sources */ = {isa = PBXBuildFile; fileRef = 6813F48511209612006B7215 /* PhotoPickerController.m */; };
		68316E371124726F00A906B3 /* KTPhotoBrowser.bundle in Resources */ = {isa = PBXBuildFile; fileRef = 68316E361124726F00A906B3 /* KTPhotoBrowser.bundle */; };
		68316E801124743F00A906B3 /* KTPhotoBrowserGlobal.m in Sources */ = {isa = PBXBuildFile; fileRef = 68316E7F1124743F00A906B3 /* KTPhotoBrowserGlobal.m */; };
		6890C7FA1135AF9B00A4CFFA /* KTPhotoView.m in Sources */ = {isa = PBXBuildFile; fileRef = 6890C7F91135AF9B00A4CFFA /* KTPhotoView.m */; };
		68B8F54D112308DF00C16B8D /* Photos.m in Sources */ = {isa = PBXBuildFile; fileRef = 68B8F54C112308DF00C16B8D /* Photos.m */; };
		68FA36A7113193A900A21845 /* QuartzCore.framework in Frameworks */ = {isa = PBXBuildFile; fileRef = 68FA36A6113193A900A21845 /* QuartzCore.framework */; };
/* End PBXBuildFile section */

/* Begin PBXFileReference section */
		1D30AB110D05D00D00671497 /* Foundation.framework */ = {isa = PBXFileReference; lastKnownFileType = wrapper.framework; name = Foundation.framework; path = System/Library/Frameworks/Foundation.framework; sourceTree = SDKROOT; };
		1D3623240D0F684500981E51 /* SampleAppDelegate.h */ = {isa = PBXFileReference; fileEncoding = 4; lastKnownFileType = sourcecode.c.h; path = SampleAppDelegate.h; sourceTree = "<group>"; };
		1D3623250D0F684500981E51 /* SampleAppDelegate.m */ = {isa = PBXFileReference; fileEncoding = 4; lastKnownFileType = sourcecode.c.objc; path = SampleAppDelegate.m; sourceTree = "<group>"; };
		1D6058910D05DD3D006BFB54 /* Sample.app */ = {isa = PBXFileReference; explicitFileType = wrapper.application; includeInIndex = 0; path = Sample.app; sourceTree = BUILT_PRODUCTS_DIR; };
		1DF5F4DF0D08C38300B7A737 /* UIKit.framework */ = {isa = PBXFileReference; lastKnownFileType = wrapper.framework; name = UIKit.framework; path = System/Library/Frameworks/UIKit.framework; sourceTree = SDKROOT; };
		288765FC0DF74451002DB57D /* CoreGraphics.framework */ = {isa = PBXFileReference; lastKnownFileType = wrapper.framework; name = CoreGraphics.framework; path = System/Library/Frameworks/CoreGraphics.framework; sourceTree = SDKROOT; };
		28AD733E0D9D9553002E5188 /* MainWindow.xib */ = {isa = PBXFileReference; lastKnownFileType = file.xib; path = MainWindow.xib; sourceTree = "<group>"; };
		29B97316FDCFA39411CA2CEA /* main.m */ = {isa = PBXFileReference; fileEncoding = 4; lastKnownFileType = sourcecode.c.objc; path = main.m; sourceTree = "<group>"; };
		32CA4F630368D1EE00C91783 /* Sample_Prefix.pch */ = {isa = PBXFileReference; fileEncoding = 4; lastKnownFileType = sourcecode.c.h; path = Sample_Prefix.pch; sourceTree = "<group>"; };
		6813F439112075BB006B7215 /* KTPhotoBrowserDataSource.h */ = {isa = PBXFileReference; fileEncoding = 4; lastKnownFileType = sourcecode.c.h; name = KTPhotoBrowserDataSource.h; path = ../KTPhotoBrowser/KTPhotoBrowserDataSource.h; sourceTree = SOURCE_ROOT; };
		6813F43A112075BB006B7215 /* KTPhotoBrowserDataSource.m */ = {isa = PBXFileReference; fileEncoding = 4; lastKnownFileType = sourcecode.c.objc; name = KTPhotoBrowserDataSource.m; path = ../KTPhotoBrowser/KTPhotoBrowserDataSource.m; sourceTree = SOURCE_ROOT; };
		6813F43B112075BB006B7215 /* KTPhotoScrollViewController.h */ = {isa = PBXFileReference; fileEncoding = 4; lastKnownFileType = sourcecode.c.h; name = KTPhotoScrollViewController.h; path = ../KTPhotoBrowser/KTPhotoScrollViewController.h; sourceTree = SOURCE_ROOT; };
		6813F43C112075BB006B7215 /* KTPhotoScrollViewController.m */ = {isa = PBXFileReference; fileEncoding = 4; lastKnownFileType = sourcecode.c.objc; name = KTPhotoScrollViewController.m; path = ../KTPhotoBrowser/KTPhotoScrollViewController.m; sourceTree = SOURCE_ROOT; };
		6813F43D112075BB006B7215 /* KTPhotoViewController.h */ = {isa = PBXFileReference; fileEncoding = 4; lastKnownFileType = sourcecode.c.h; name = KTPhotoViewController.h; path = ../KTPhotoBrowser/KTPhotoViewController.h; sourceTree = SOURCE_ROOT; };
		6813F43E112075BB006B7215 /* KTPhotoViewController.m */ = {isa = PBXFileReference; fileEncoding = 4; lastKnownFileType = sourcecode.c.objc; name = KTPhotoViewController.m; path = ../KTPhotoBrowser/KTPhotoViewController.m; sourceTree = SOURCE_ROOT; };
		6813F43F112075BB006B7215 /* KTThumbsViewController.h */ = {isa = PBXFileReference; fileEncoding = 4; lastKnownFileType = sourcecode.c.h; name = KTThumbsViewController.h; path = ../KTPhotoBrowser/KTThumbsViewController.h; sourceTree = SOURCE_ROOT; };
		6813F440112075BB006B7215 /* KTThumbsViewController.m */ = {isa = PBXFileReference; fileEncoding = 4; lastKnownFileType = sourcecode.c.objc; name = KTThumbsViewController.m; path = ../KTPhotoBrowser/KTThumbsViewController.m; sourceTree = SOURCE_ROOT; };
		6813F441112075BB006B7215 /* KTThumbView.h */ = {isa = PBXFileReference; fileEncoding = 4; lastKnownFileType = sourcecode.c.h; name = KTThumbView.h; path = ../KTPhotoBrowser/KTThumbView.h; sourceTree = SOURCE_ROOT; };
		6813F442112075BB006B7215 /* KTThumbView.m */ = {isa = PBXFileReference; fileEncoding = 4; lastKnownFileType = sourcecode.c.objc; name = KTThumbView.m; path = ../KTPhotoBrowser/KTThumbView.m; sourceTree = SOURCE_ROOT; };
		6813F454112093BB006B7215 /* UIImage+KTCategory.h */ = {isa = PBXFileReference; fileEncoding = 4; lastKnownFileType = sourcecode.c.h; path = "UIImage+KTCategory.h"; sourceTree = "<group>"; };
		6813F455112093BB006B7215 /* UIImage+KTCategory.m */ = {isa = PBXFileReference; fileEncoding = 4; lastKnownFileType = sourcecode.c.objc; path = "UIImage+KTCategory.m"; sourceTree = "<group>"; };
		6813F46611209462006B7215 /* RootViewController.h */ = {isa = PBXFileReference; fileEncoding = 4; lastKnownFileType = sourcecode.c.h; path = RootViewController.h; sourceTree = "<group>"; };
		6813F46711209462006B7215 /* RootViewController.m */ = {isa = PBXFileReference; fileEncoding = 4; lastKnownFileType = sourcecode.c.objc; path = RootViewController.m; sourceTree = "<group>"; };
		6813F48411209612006B7215 /* PhotoPickerController.h */ = {isa = PBXFileReference; fileEncoding = 4; lastKnownFileType = sourcecode.c.h; path = PhotoPickerController.h; sourceTree = "<group>"; };
		6813F48511209612006B7215 /* PhotoPickerController.m */ = {isa = PBXFileReference; fileEncoding = 4; lastKnownFileType = sourcecode.c.objc; path = PhotoPickerController.m; sourceTree = "<group>"; };
		68316E361124726F00A906B3 /* KTPhotoBrowser.bundle */ = {isa = PBXFileReference; lastKnownFileType = "wrapper.plug-in"; name = KTPhotoBrowser.bundle; path = ../KTPhotoBrowser/KTPhotoBrowser.bundle; sourceTree = SOURCE_ROOT; };
		68316E7E1124743F00A906B3 /* KTPhotoBrowserGlobal.h */ = {isa = PBXFileReference; fileEncoding = 4; lastKnownFileType = sourcecode.c.h; name = KTPhotoBrowserGlobal.h; path = ../KTPhotoBrowser/KTPhotoBrowserGlobal.h; sourceTree = SOURCE_ROOT; };
		68316E7F1124743F00A906B3 /* KTPhotoBrowserGlobal.m */ = {isa = PBXFileReference; fileEncoding = 4; lastKnownFileType = sourcecode.c.objc; name = KTPhotoBrowserGlobal.m; path = ../KTPhotoBrowser/KTPhotoBrowserGlobal.m; sourceTree = SOURCE_ROOT; };
		6890C7F81135AF9B00A4CFFA /* KTPhotoView.h */ = {isa = PBXFileReference; fileEncoding = 4; lastKnownFileType = sourcecode.c.h; name = KTPhotoView.h; path = ../KTPhotoBrowser/KTPhotoView.h; sourceTree = SOURCE_ROOT; };
		6890C7F91135AF9B00A4CFFA /* KTPhotoView.m */ = {isa = PBXFileReference; fileEncoding = 4; lastKnownFileType = sourcecode.c.objc; name = KTPhotoView.m; path = ../KTPhotoBrowser/KTPhotoView.m; sourceTree = SOURCE_ROOT; };
		68B8F54B112308DF00C16B8D /* Photos.h */ = {isa = PBXFileReference; fileEncoding = 4; lastKnownFileType = sourcecode.c.h; path = Photos.h; sourceTree = "<group>"; };
		68B8F54C112308DF00C16B8D /* Photos.m */ = {isa = PBXFileReference; fileEncoding = 4; lastKnownFileType = sourcecode.c.objc; path = Photos.m; sourceTree = "<group>"; };
		68FA36A6113193A900A21845 /* QuartzCore.framework */ = {isa = PBXFileReference; lastKnownFileType = wrapper.framework; name = QuartzCore.framework; path = System/Library/Frameworks/QuartzCore.framework; sourceTree = SDKROOT; };
		8D1107310486CEB800E47090 /* Sample-Info.plist */ = {isa = PBXFileReference; fileEncoding = 4; lastKnownFileType = text.plist.xml; path = "Sample-Info.plist"; plistStructureDefinitionIdentifier = "com.apple.xcode.plist.structure-definition.iphone.info-plist"; sourceTree = "<group>"; };
/* End PBXFileReference section */

/* Begin PBXFrameworksBuildPhase section */
		1D60588F0D05DD3D006BFB54 /* Frameworks */ = {
			isa = PBXFrameworksBuildPhase;
			buildActionMask = 2147483647;
			files = (
				1D60589F0D05DD5A006BFB54 /* Foundation.framework in Frameworks */,
				1DF5F4E00D08C38300B7A737 /* UIKit.framework in Frameworks */,
				288765FD0DF74451002DB57D /* CoreGraphics.framework in Frameworks */,
				68FA36A7113193A900A21845 /* QuartzCore.framework in Frameworks */,
			);
			runOnlyForDeploymentPostprocessing = 0;
		};
/* End PBXFrameworksBuildPhase section */

/* Begin PBXGroup section */
		080E96DDFE201D6D7F000001 /* Classes */ = {
			isa = PBXGroup;
			children = (
				1D3623240D0F684500981E51 /* SampleAppDelegate.h */,
				1D3623250D0F684500981E51 /* SampleAppDelegate.m */,
				6813F46611209462006B7215 /* RootViewController.h */,
				6813F46711209462006B7215 /* RootViewController.m */,
				6813F48411209612006B7215 /* PhotoPickerController.h */,
				6813F48511209612006B7215 /* PhotoPickerController.m */,
				6813F454112093BB006B7215 /* UIImage+KTCategory.h */,
				6813F455112093BB006B7215 /* UIImage+KTCategory.m */,
				68B8F54B112308DF00C16B8D /* Photos.h */,
				68B8F54C112308DF00C16B8D /* Photos.m */,
			);
			path = Classes;
			sourceTree = "<group>";
		};
		19C28FACFE9D520D11CA2CBB /* Products */ = {
			isa = PBXGroup;
			children = (
				1D6058910D05DD3D006BFB54 /* Sample.app */,
			);
			name = Products;
			sourceTree = "<group>";
		};
		29B97314FDCFA39411CA2CEA /* CustomTemplate */ = {
			isa = PBXGroup;
			children = (
				080E96DDFE201D6D7F000001 /* Classes */,
				68878FCB1120735E00639C71 /* KTPhotoBrowser */,
				29B97315FDCFA39411CA2CEA /* Other Sources */,
				29B97317FDCFA39411CA2CEA /* Resources */,
				29B97323FDCFA39411CA2CEA /* Frameworks */,
				19C28FACFE9D520D11CA2CBB /* Products */,
			);
			name = CustomTemplate;
			sourceTree = "<group>";
		};
		29B97315FDCFA39411CA2CEA /* Other Sources */ = {
			isa = PBXGroup;
			children = (
				32CA4F630368D1EE00C91783 /* Sample_Prefix.pch */,
				29B97316FDCFA39411CA2CEA /* main.m */,
			);
			name = "Other Sources";
			sourceTree = "<group>";
		};
		29B97317FDCFA39411CA2CEA /* Resources */ = {
			isa = PBXGroup;
			children = (
				28AD733E0D9D9553002E5188 /* MainWindow.xib */,
				8D1107310486CEB800E47090 /* Sample-Info.plist */,
				68316E361124726F00A906B3 /* KTPhotoBrowser.bundle */,
			);
			name = Resources;
			sourceTree = "<group>";
		};
		29B97323FDCFA39411CA2CEA /* Frameworks */ = {
			isa = PBXGroup;
			children = (
				68FA36A6113193A900A21845 /* QuartzCore.framework */,
				1DF5F4DF0D08C38300B7A737 /* UIKit.framework */,
				1D30AB110D05D00D00671497 /* Foundation.framework */,
				288765FC0DF74451002DB57D /* CoreGraphics.framework */,
			);
			name = Frameworks;
			sourceTree = "<group>";
		};
		68878FCB1120735E00639C71 /* KTPhotoBrowser */ = {
			isa = PBXGroup;
			children = (
				6813F439112075BB006B7215 /* KTPhotoBrowserDataSource.h */,
				6813F43A112075BB006B7215 /* KTPhotoBrowserDataSource.m */,
				68316E7E1124743F00A906B3 /* KTPhotoBrowserGlobal.h */,
				68316E7F1124743F00A906B3 /* KTPhotoBrowserGlobal.m */,
				6813F43B112075BB006B7215 /* KTPhotoScrollViewController.h */,
				6813F43C112075BB006B7215 /* KTPhotoScrollViewController.m */,
				6813F43D112075BB006B7215 /* KTPhotoViewController.h */,
				6813F43E112075BB006B7215 /* KTPhotoViewController.m */,
				6890C7F81135AF9B00A4CFFA /* KTPhotoView.h */,
				6890C7F91135AF9B00A4CFFA /* KTPhotoView.m */,
				6813F43F112075BB006B7215 /* KTThumbsViewController.h */,
				6813F440112075BB006B7215 /* KTThumbsViewController.m */,
				6813F441112075BB006B7215 /* KTThumbView.h */,
				6813F442112075BB006B7215 /* KTThumbView.m */,
			);
			name = KTPhotoBrowser;
			sourceTree = "<group>";
		};
/* End PBXGroup section */

/* Begin PBXNativeTarget section */
		1D6058900D05DD3D006BFB54 /* Sample */ = {
			isa = PBXNativeTarget;
			buildConfigurationList = 1D6058960D05DD3E006BFB54 /* Build configuration list for PBXNativeTarget "Sample" */;
			buildPhases = (
				1D60588D0D05DD3D006BFB54 /* Resources */,
				1D60588E0D05DD3D006BFB54 /* Sources */,
				1D60588F0D05DD3D006BFB54 /* Frameworks */,
			);
			buildRules = (
			);
			dependencies = (
			);
			name = Sample;
			productName = Sample;
			productReference = 1D6058910D05DD3D006BFB54 /* Sample.app */;
			productType = "com.apple.product-type.application";
		};
/* End PBXNativeTarget section */

/* Begin PBXProject section */
		29B97313FDCFA39411CA2CEA /* Project object */ = {
			isa = PBXProject;
			buildConfigurationList = C01FCF4E08A954540054247B /* Build configuration list for PBXProject "Sample" */;
			compatibilityVersion = "Xcode 3.1";
			hasScannedForEncodings = 1;
			mainGroup = 29B97314FDCFA39411CA2CEA /* CustomTemplate */;
			projectDirPath = "";
			projectRoot = "";
			targets = (
				1D6058900D05DD3D006BFB54 /* Sample */,
			);
		};
/* End PBXProject section */

/* Begin PBXResourcesBuildPhase section */
		1D60588D0D05DD3D006BFB54 /* Resources */ = {
			isa = PBXResourcesBuildPhase;
			buildActionMask = 2147483647;
			files = (
				28AD733F0D9D9553002E5188 /* MainWindow.xib in Resources */,
				68316E371124726F00A906B3 /* KTPhotoBrowser.bundle in Resources */,
			);
			runOnlyForDeploymentPostprocessing = 0;
		};
/* End PBXResourcesBuildPhase section */

/* Begin PBXSourcesBuildPhase section */
		1D60588E0D05DD3D006BFB54 /* Sources */ = {
			isa = PBXSourcesBuildPhase;
			buildActionMask = 2147483647;
			files = (
				1D60589B0D05DD56006BFB54 /* main.m in Sources */,
				1D3623260D0F684500981E51 /* SampleAppDelegate.m in Sources */,
				6813F443112075BB006B7215 /* KTPhotoBrowserDataSource.m in Sources */,
				6813F444112075BB006B7215 /* KTPhotoScrollViewController.m in Sources */,
				6813F445112075BB006B7215 /* KTPhotoViewController.m in Sources */,
				6813F446112075BB006B7215 /* KTThumbsViewController.m in Sources */,
				6813F447112075BB006B7215 /* KTThumbView.m in Sources */,
				6813F456112093BB006B7215 /* UIImage+KTCategory.m in Sources */,
				6813F46811209462006B7215 /* RootViewController.m in Sources */,
				6813F48611209612006B7215 /* PhotoPickerController.m in Sources */,
				68B8F54D112308DF00C16B8D /* Photos.m in Sources */,
				68316E801124743F00A906B3 /* KTPhotoBrowserGlobal.m in Sources */,
				6890C7FA1135AF9B00A4CFFA /* KTPhotoView.m in Sources */,
			);
			runOnlyForDeploymentPostprocessing = 0;
		};
/* End PBXSourcesBuildPhase section */

/* Begin XCBuildConfiguration section */
		1D6058940D05DD3E006BFB54 /* Debug */ = {
			isa = XCBuildConfiguration;
			buildSettings = {
				ALWAYS_SEARCH_USER_PATHS = NO;
				COPY_PHASE_STRIP = NO;
				GCC_DYNAMIC_NO_PIC = NO;
				GCC_OPTIMIZATION_LEVEL = 0;
				GCC_PRECOMPILE_PREFIX_HEADER = YES;
				GCC_PREFIX_HEADER = Sample_Prefix.pch;
				INFOPLIST_FILE = "Sample-Info.plist";
				PRODUCT_NAME = Sample;
			};
			name = Debug;
		};
		1D6058950D05DD3E006BFB54 /* Release */ = {
			isa = XCBuildConfiguration;
			buildSettings = {
				ALWAYS_SEARCH_USER_PATHS = NO;
				COPY_PHASE_STRIP = YES;
				GCC_PRECOMPILE_PREFIX_HEADER = YES;
				GCC_PREFIX_HEADER = Sample_Prefix.pch;
				INFOPLIST_FILE = "Sample-Info.plist";
				PRODUCT_NAME = Sample;
			};
			name = Release;
		};
		C01FCF4F08A954540054247B /* Debug */ = {
			isa = XCBuildConfiguration;
			buildSettings = {
				ARCHS = "$(ARCHS_STANDARD_32_BIT)";
				"CODE_SIGN_IDENTITY[sdk=iphoneos*]" = "iPhone Developer";
				GCC_C_LANGUAGE_STANDARD = c99;
				GCC_WARN_ABOUT_RETURN_TYPE = YES;
				GCC_WARN_UNUSED_VARIABLE = YES;
				OTHER_CFLAGS = "-DDEBUG=1";
				PREBINDING = NO;
				SDKROOT = iphoneos3.0;
			};
			name = Debug;
		};
		C01FCF5008A954540054247B /* Release */ = {
			isa = XCBuildConfiguration;
			buildSettings = {
				ARCHS = "$(ARCHS_STANDARD_32_BIT)";
				"CODE_SIGN_IDENTITY[sdk=iphoneos*]" = "iPhone Developer";
				GCC_C_LANGUAGE_STANDARD = c99;
				GCC_WARN_ABOUT_RETURN_TYPE = YES;
				GCC_WARN_UNUSED_VARIABLE = YES;
				PREBINDING = NO;
				SDKROOT = iphoneos3.1.2;
			};
			name = Release;
		};
/* End XCBuildConfiguration section */

/* Begin XCConfigurationList section */
		1D6058960D05DD3E006BFB54 /* Build configuration list for PBXNativeTarget "Sample" */ = {
			isa = XCConfigurationList;
			buildConfigurations = (
				1D6058940D05DD3E006BFB54 /* Debug */,
				1D6058950D05DD3E006BFB54 /* Release */,
			);
			defaultConfigurationIsVisible = 0;
			defaultConfigurationName = Release;
		};
		C01FCF4E08A954540054247B /* Build configuration list for PBXProject "Sample" */ = {
			isa = XCConfigurationList;
			buildConfigurations = (
				C01FCF4F08A954540054247B /* Debug */,
				C01FCF5008A954540054247B /* Release */,
			);
			defaultConfigurationIsVisible = 0;
			defaultConfigurationName = Release;
		};
/* End XCConfigurationList section */
	};
	rootObject = 29B97313FDCFA39411CA2CEA /* Project object */;
}
