// !$*UTF8*$!
{
	archiveVersion = 1;
	classes = {
	};
	objectVersion = 45;
	objects = {

/* Begin PBXBuildFile section */
		1D3623260D0F684500981E51 /* SampleAppDelegate.m in Sources */ = {isa = PBXBuildFile; fileRef = 1D3623250D0F684500981E51 /* SampleAppDelegate.m */; };
		1D60589B0D05DD56006BFB54 /* main.m in Sources */ = {isa = PBXBuildFile; fileRef = 29B97316FDCFA39411CA2CEA /* main.m */; };
		1D60589F0D05DD5A006BFB54 /* Foundation.framework in Frameworks */ = {isa = PBXBuildFile; fileRef = 1D30AB110D05D00D00671497 /* Foundation.framework */; };
		1DF5F4E00D08C38300B7A737 /* UIKit.framework in Frameworks */ = {isa = PBXBuildFile; fileRef = 1DF5F4DF0D08C38300B7A737 /* UIKit.framework */; };
		288765FD0DF74451002DB57D /* CoreGraphics.framework in Frameworks */ = {isa = PBXBuildFile; fileRef = 288765FC0DF74451002DB57D /* CoreGraphics.framework */; };
		28AD733F0D9D9553002E5188 /* MainWindow.xib in Resources */ = {isa = PBXBuildFile; fileRef = 28AD733E0D9D9553002E5188 /* MainWindow.xib */; };
		4747813C12BAA685009933FE /* MessageUI.framework in Frameworks */ = {isa = PBXBuildFile; fileRef = 4747813B12BAA685009933FE /* MessageUI.framework */; };
		6813F444112075BB006B7215 /* KTPhotoScrollViewController.m in Sources */ = {isa = PBXBuildFile; fileRef = 6813F43C112075BB006B7215 /* KTPhotoScrollViewController.m */; };
		6813F446112075BB006B7215 /* KTThumbsViewController.m in Sources */ = {isa = PBXBuildFile; fileRef = 6813F440112075BB006B7215 /* KTThumbsViewController.m */; };
		6813F447112075BB006B7215 /* KTThumbView.m in Sources */ = {isa = PBXBuildFile; fileRef = 6813F442112075BB006B7215 /* KTThumbView.m */; };
		6827FFB412930FBB00070136 /* MainWindowPad.xib in Resources */ = {isa = PBXBuildFile; fileRef = 6827FFB312930FBB00070136 /* MainWindowPad.xib */; };
		68316E371124726F00A906B3 /* KTPhotoBrowser.bundle in Resources */ = {isa = PBXBuildFile; fileRef = 68316E361124726F00A906B3 /* KTPhotoBrowser.bundle */; };
		68316E801124743F00A906B3 /* KTPhotoBrowserGlobal.m in Sources */ = {isa = PBXBuildFile; fileRef = 68316E7F1124743F00A906B3 /* KTPhotoBrowserGlobal.m */; };
		6854010C1158FA0E00D9B688 /* KTThumbsView.m in Sources */ = {isa = PBXBuildFile; fileRef = 6854010B1158FA0E00D9B688 /* KTThumbsView.m */; };
		688065D312B00A36008D1AB8 /* LICENSE in Resources */ = {isa = PBXBuildFile; fileRef = 688065C612B00A36008D1AB8 /* LICENSE */; };
		688065D412B00A36008D1AB8 /* README.md in Resources */ = {isa = PBXBuildFile; fileRef = 688065C712B00A36008D1AB8 /* README.md */; };
		688065D512B00A36008D1AB8 /* SDImageCache.m in Sources */ = {isa = PBXBuildFile; fileRef = 688065C912B00A36008D1AB8 /* SDImageCache.m */; };
		688065D612B00A36008D1AB8 /* SDWebImageDownloader.m in Sources */ = {isa = PBXBuildFile; fileRef = 688065CC12B00A36008D1AB8 /* SDWebImageDownloader.m */; };
		688065D712B00A36008D1AB8 /* SDWebImageManager.m in Sources */ = {isa = PBXBuildFile; fileRef = 688065CF12B00A36008D1AB8 /* SDWebImageManager.m */; };
		688065D812B00A36008D1AB8 /* UIImageView+WebCache.m in Sources */ = {isa = PBXBuildFile; fileRef = 688065D212B00A36008D1AB8 /* UIImageView+WebCache.m */; };
		688065F212B00CD3008D1AB8 /* Icon.png in Resources */ = {isa = PBXBuildFile; fileRef = 688065F112B00CD3008D1AB8 /* Icon.png */; };
		688065FA12B00DB0008D1AB8 /* Icon-72x72.png in Resources */ = {isa = PBXBuildFile; fileRef = 688065F812B00DB0008D1AB8 /* Icon-72x72.png */; };
		688065FB12B00DB0008D1AB8 /* Icon@2x.png in Resources */ = {isa = PBXBuildFile; fileRef = 688065F912B00DB0008D1AB8 /* Icon@2x.png */; };
		6890C7FA1135AF9B00A4CFFA /* KTPhotoView.m in Sources */ = {isa = PBXBuildFile; fileRef = 6890C7F91135AF9B00A4CFFA /* KTPhotoView.m */; };
		68F349BF1152AA5500D9765C /* PhotoPickerController.m in Sources */ = {isa = PBXBuildFile; fileRef = 68F349B81152AA5500D9765C /* PhotoPickerController.m */; };
		68F349C01152AA5500D9765C /* Photos.m in Sources */ = {isa = PBXBuildFile; fileRef = 68F349BA1152AA5500D9765C /* Photos.m */; };
		68F349C11152AA5500D9765C /* LocalImageRootViewController.m in Sources */ = {isa = PBXBuildFile; fileRef = 68F349BC1152AA5500D9765C /* LocalImageRootViewController.m */; };
		68F349C21152AA5500D9765C /* UIImage+KTCategory.m in Sources */ = {isa = PBXBuildFile; fileRef = 68F349BE1152AA5500D9765C /* UIImage+KTCategory.m */; };
		68F349D41152AB4200D9765C /* RootViewController.m in Sources */ = {isa = PBXBuildFile; fileRef = 68F349D31152AB4200D9765C /* RootViewController.m */; };
		68F34AA81152B28300D9765C /* SDWebImageRootViewController.m in Sources */ = {isa = PBXBuildFile; fileRef = 68F34AA71152B28300D9765C /* SDWebImageRootViewController.m */; };
		68F34AAB1152B2E700D9765C /* SDWebImageDataSource.m in Sources */ = {isa = PBXBuildFile; fileRef = 68F34AAA1152B2E700D9765C /* SDWebImageDataSource.m */; };
		68F34AF71152B8C800D9765C /* FlickrDataSource.m in Sources */ = {isa = PBXBuildFile; fileRef = 68F34AF41152B8C800D9765C /* FlickrDataSource.m */; };
		68F34AF81152B8C800D9765C /* FlickrRootViewController.m in Sources */ = {isa = PBXBuildFile; fileRef = 68F34AF61152B8C800D9765C /* FlickrRootViewController.m */; };
		68F34B701152CA8400D9765C /* KTThumbView+SDWebImage.m in Sources */ = {isa = PBXBuildFile; fileRef = 68F34B6F1152CA8400D9765C /* KTThumbView+SDWebImage.m */; };
		68F34BBD1152CDF200D9765C /* KTPhotoView+SDWebImage.m in Sources */ = {isa = PBXBuildFile; fileRef = 68F34BBC1152CDF200D9765C /* KTPhotoView+SDWebImage.m */; };
		68FA36A7113193A900A21845 /* QuartzCore.framework in Frameworks */ = {isa = PBXBuildFile; fileRef = 68FA36A6113193A900A21845 /* QuartzCore.framework */; };
		AFFB147F1152E9A700BCB9E4 /* photoDefault.png in Resources */ = {isa = PBXBuildFile; fileRef = AFFB147E1152E9A700BCB9E4 /* photoDefault.png */; };
/* End PBXBuildFile section */

/* Begin PBXFileReference section */
		1D30AB110D05D00D00671497 /* Foundation.framework */ = {isa = PBXFileReference; lastKnownFileType = wrapper.framework; name = Foundation.framework; path = System/Library/Frameworks/Foundation.framework; sourceTree = SDKROOT; };
		1D3623240D0F684500981E51 /* SampleAppDelegate.h */ = {isa = PBXFileReference; fileEncoding = 4; lastKnownFileType = sourcecode.c.h; path = SampleAppDelegate.h; sourceTree = "<group>"; };
		1D3623250D0F684500981E51 /* SampleAppDelegate.m */ = {isa = PBXFileReference; fileEncoding = 4; lastKnownFileType = sourcecode.c.objc; path = SampleAppDelegate.m; sourceTree = "<group>"; };
		1D6058910D05DD3D006BFB54 /* Sample.app */ = {isa = PBXFileReference; explicitFileType = wrapper.application; includeInIndex = 0; path = Sample.app; sourceTree = BUILT_PRODUCTS_DIR; };
		1DF5F4DF0D08C38300B7A737 /* UIKit.framework */ = {isa = PBXFileReference; lastKnownFileType = wrapper.framework; name = UIKit.framework; path = System/Library/Frameworks/UIKit.framework; sourceTree = SDKROOT; };
		288765FC0DF74451002DB57D /* CoreGraphics.framework */ = {isa = PBXFileReference; lastKnownFileType = wrapper.framework; name = CoreGraphics.framework; path = System/Library/Frameworks/CoreGraphics.framework; sourceTree = SDKROOT; };
		28AD733E0D9D9553002E5188 /* MainWindow.xib */ = {isa = PBXFileReference; lastKnownFileType = file.xib; path = MainWindow.xib; sourceTree = "<group>"; };
		29B97316FDCFA39411CA2CEA /* main.m */ = {isa = PBXFileReference; fileEncoding = 4; lastKnownFileType = sourcecode.c.objc; path = main.m; sourceTree = "<group>"; };
		32CA4F630368D1EE00C91783 /* Sample_Prefix.pch */ = {isa = PBXFileReference; fileEncoding = 4; lastKnownFileType = sourcecode.c.h; path = Sample_Prefix.pch; sourceTree = "<group>"; };
		4747813B12BAA685009933FE /* MessageUI.framework */ = {isa = PBXFileReference; lastKnownFileType = wrapper.framework; name = MessageUI.framework; path = System/Library/Frameworks/MessageUI.framework; sourceTree = SDKROOT; };
		6813F439112075BB006B7215 /* KTPhotoBrowserDataSource.h */ = {isa = PBXFileReference; fileEncoding = 4; lastKnownFileType = sourcecode.c.h; name = KTPhotoBrowserDataSource.h; path = ../KTPhotoBrowser/KTPhotoBrowserDataSource.h; sourceTree = SOURCE_ROOT; };
		6813F43B112075BB006B7215 /* KTPhotoScrollViewController.h */ = {isa = PBXFileReference; fileEncoding = 4; lastKnownFileType = sourcecode.c.h; name = KTPhotoScrollViewController.h; path = ../KTPhotoBrowser/KTPhotoScrollViewController.h; sourceTree = SOURCE_ROOT; };
		6813F43C112075BB006B7215 /* KTPhotoScrollViewController.m */ = {isa = PBXFileReference; fileEncoding = 4; lastKnownFileType = sourcecode.c.objc; name = KTPhotoScrollViewController.m; path = ../KTPhotoBrowser/KTPhotoScrollViewController.m; sourceTree = SOURCE_ROOT; };
		6813F43F112075BB006B7215 /* KTThumbsViewController.h */ = {isa = PBXFileReference; fileEncoding = 4; lastKnownFileType = sourcecode.c.h; name = KTThumbsViewController.h; path = ../KTPhotoBrowser/KTThumbsViewController.h; sourceTree = SOURCE_ROOT; };
		6813F440112075BB006B7215 /* KTThumbsViewController.m */ = {isa = PBXFileReference; fileEncoding = 4; lastKnownFileType = sourcecode.c.objc; name = KTThumbsViewController.m; path = ../KTPhotoBrowser/KTThumbsViewController.m; sourceTree = SOURCE_ROOT; };
		6813F441112075BB006B7215 /* KTThumbView.h */ = {isa = PBXFileReference; fileEncoding = 4; lastKnownFileType = sourcecode.c.h; name = KTThumbView.h; path = ../KTPhotoBrowser/KTThumbView.h; sourceTree = SOURCE_ROOT; };
		6813F442112075BB006B7215 /* KTThumbView.m */ = {isa = PBXFileReference; fileEncoding = 4; lastKnownFileType = sourcecode.c.objc; name = KTThumbView.m; path = ../KTPhotoBrowser/KTThumbView.m; sourceTree = SOURCE_ROOT; };
		6827FFB312930FBB00070136 /* MainWindowPad.xib */ = {isa = PBXFileReference; lastKnownFileType = file.xib; path = MainWindowPad.xib; sourceTree = "<group>"; };
		68316E361124726F00A906B3 /* KTPhotoBrowser.bundle */ = {isa = PBXFileReference; lastKnownFileType = "wrapper.plug-in"; name = KTPhotoBrowser.bundle; path = ../KTPhotoBrowser/KTPhotoBrowser.bundle; sourceTree = SOURCE_ROOT; };
		68316E7E1124743F00A906B3 /* KTPhotoBrowserGlobal.h */ = {isa = PBXFileReference; fileEncoding = 4; lastKnownFileType = sourcecode.c.h; name = KTPhotoBrowserGlobal.h; path = ../KTPhotoBrowser/KTPhotoBrowserGlobal.h; sourceTree = SOURCE_ROOT; };
		68316E7F1124743F00A906B3 /* KTPhotoBrowserGlobal.m */ = {isa = PBXFileReference; fileEncoding = 4; lastKnownFileType = sourcecode.c.objc; name = KTPhotoBrowserGlobal.m; path = ../KTPhotoBrowser/KTPhotoBrowserGlobal.m; sourceTree = SOURCE_ROOT; };
		6854010A1158FA0E00D9B688 /* KTThumbsView.h */ = {isa = PBXFileReference; fileEncoding = 4; lastKnownFileType = sourcecode.c.h; name = KTThumbsView.h; path = ../KTPhotoBrowser/KTThumbsView.h; sourceTree = SOURCE_ROOT; };
		6854010B1158FA0E00D9B688 /* KTThumbsView.m */ = {isa = PBXFileReference; fileEncoding = 4; lastKnownFileType = sourcecode.c.objc; name = KTThumbsView.m; path = ../KTPhotoBrowser/KTThumbsView.m; sourceTree = SOURCE_ROOT; };
		688065C612B00A36008D1AB8 /* LICENSE */ = {isa = PBXFileReference; fileEncoding = 4; lastKnownFileType = text; path = LICENSE; sourceTree = "<group>"; };
		688065C712B00A36008D1AB8 /* README.md */ = {isa = PBXFileReference; fileEncoding = 4; lastKnownFileType = text; path = README.md; sourceTree = "<group>"; };
		688065C812B00A36008D1AB8 /* SDImageCache.h */ = {isa = PBXFileReference; fileEncoding = 4; lastKnownFileType = sourcecode.c.h; path = SDImageCache.h; sourceTree = "<group>"; };
		688065C912B00A36008D1AB8 /* SDImageCache.m */ = {isa = PBXFileReference; fileEncoding = 4; lastKnownFileType = sourcecode.c.objc; path = SDImageCache.m; sourceTree = "<group>"; };
		688065CA12B00A36008D1AB8 /* SDImageCacheDelegate.h */ = {isa = PBXFileReference; fileEncoding = 4; lastKnownFileType = sourcecode.c.h; path = SDImageCacheDelegate.h; sourceTree = "<group>"; };
		688065CB12B00A36008D1AB8 /* SDWebImageDownloader.h */ = {isa = PBXFileReference; fileEncoding = 4; lastKnownFileType = sourcecode.c.h; path = SDWebImageDownloader.h; sourceTree = "<group>"; };
		688065CC12B00A36008D1AB8 /* SDWebImageDownloader.m */ = {isa = PBXFileReference; fileEncoding = 4; lastKnownFileType = sourcecode.c.objc; path = SDWebImageDownloader.m; sourceTree = "<group>"; };
		688065CD12B00A36008D1AB8 /* SDWebImageDownloaderDelegate.h */ = {isa = PBXFileReference; fileEncoding = 4; lastKnownFileType = sourcecode.c.h; path = SDWebImageDownloaderDelegate.h; sourceTree = "<group>"; };
		688065CE12B00A36008D1AB8 /* SDWebImageManager.h */ = {isa = PBXFileReference; fileEncoding = 4; lastKnownFileType = sourcecode.c.h; path = SDWebImageManager.h; sourceTree = "<group>"; };
		688065CF12B00A36008D1AB8 /* SDWebImageManager.m */ = {isa = PBXFileReference; fileEncoding = 4; lastKnownFileType = sourcecode.c.objc; path = SDWebImageManager.m; sourceTree = "<group>"; };
		688065D012B00A36008D1AB8 /* SDWebImageManagerDelegate.h */ = {isa = PBXFileReference; fileEncoding = 4; lastKnownFileType = sourcecode.c.h; path = SDWebImageManagerDelegate.h; sourceTree = "<group>"; };
		688065D112B00A36008D1AB8 /* UIImageView+WebCache.h */ = {isa = PBXFileReference; fileEncoding = 4; lastKnownFileType = sourcecode.c.h; path = "UIImageView+WebCache.h"; sourceTree = "<group>"; };
		688065D212B00A36008D1AB8 /* UIImageView+WebCache.m */ = {isa = PBXFileReference; fileEncoding = 4; lastKnownFileType = sourcecode.c.objc; path = "UIImageView+WebCache.m"; sourceTree = "<group>"; };
		688065F112B00CD3008D1AB8 /* Icon.png */ = {isa = PBXFileReference; lastKnownFileType = image.png; path = Icon.png; sourceTree = "<group>"; };
		688065F812B00DB0008D1AB8 /* Icon-72x72.png */ = {isa = PBXFileReference; lastKnownFileType = image.png; path = "Icon-72x72.png"; sourceTree = "<group>"; };
		688065F912B00DB0008D1AB8 /* Icon@2x.png */ = {isa = PBXFileReference; lastKnownFileType = image.png; path = "Icon@2x.png"; sourceTree = "<group>"; };
		6890C7F81135AF9B00A4CFFA /* KTPhotoView.h */ = {isa = PBXFileReference; fileEncoding = 4; lastKnownFileType = sourcecode.c.h; name = KTPhotoView.h; path = ../KTPhotoBrowser/KTPhotoView.h; sourceTree = SOURCE_ROOT; };
		6890C7F91135AF9B00A4CFFA /* KTPhotoView.m */ = {isa = PBXFileReference; fileEncoding = 4; lastKnownFileType = sourcecode.c.objc; name = KTPhotoView.m; path = ../KTPhotoBrowser/KTPhotoView.m; sourceTree = SOURCE_ROOT; };
		68F349B71152AA5500D9765C /* PhotoPickerController.h */ = {isa = PBXFileReference; fileEncoding = 4; lastKnownFileType = sourcecode.c.h; path = PhotoPickerController.h; sourceTree = "<group>"; };
		68F349B81152AA5500D9765C /* PhotoPickerController.m */ = {isa = PBXFileReference; fileEncoding = 4; lastKnownFileType = sourcecode.c.objc; path = PhotoPickerController.m; sourceTree = "<group>"; };
		68F349B91152AA5500D9765C /* Photos.h */ = {isa = PBXFileReference; fileEncoding = 4; lastKnownFileType = sourcecode.c.h; path = Photos.h; sourceTree = "<group>"; };
		68F349BA1152AA5500D9765C /* Photos.m */ = {isa = PBXFileReference; fileEncoding = 4; lastKnownFileType = sourcecode.c.objc; path = Photos.m; sourceTree = "<group>"; };
		68F349BB1152AA5500D9765C /* LocalImageRootViewController.h */ = {isa = PBXFileReference; fileEncoding = 4; lastKnownFileType = sourcecode.c.h; path = LocalImageRootViewController.h; sourceTree = "<group>"; };
		68F349BC1152AA5500D9765C /* LocalImageRootViewController.m */ = {isa = PBXFileReference; fileEncoding = 4; lastKnownFileType = sourcecode.c.objc; path = LocalImageRootViewController.m; sourceTree = "<group>"; };
		68F349BD1152AA5500D9765C /* UIImage+KTCategory.h */ = {isa = PBXFileReference; fileEncoding = 4; lastKnownFileType = sourcecode.c.h; path = "UIImage+KTCategory.h"; sourceTree = "<group>"; };
		68F349BE1152AA5500D9765C /* UIImage+KTCategory.m */ = {isa = PBXFileReference; fileEncoding = 4; lastKnownFileType = sourcecode.c.objc; path = "UIImage+KTCategory.m"; sourceTree = "<group>"; };
		68F349D21152AB4200D9765C /* RootViewController.h */ = {isa = PBXFileReference; fileEncoding = 4; lastKnownFileType = sourcecode.c.h; path = RootViewController.h; sourceTree = "<group>"; };
		68F349D31152AB4200D9765C /* RootViewController.m */ = {isa = PBXFileReference; fileEncoding = 4; lastKnownFileType = sourcecode.c.objc; path = RootViewController.m; sourceTree = "<group>"; };
		68F34AA61152B28300D9765C /* SDWebImageRootViewController.h */ = {isa = PBXFileReference; fileEncoding = 4; lastKnownFileType = sourcecode.c.h; path = SDWebImageRootViewController.h; sourceTree = "<group>"; };
		68F34AA71152B28300D9765C /* SDWebImageRootViewController.m */ = {isa = PBXFileReference; fileEncoding = 4; lastKnownFileType = sourcecode.c.objc; path = SDWebImageRootViewController.m; sourceTree = "<group>"; };
		68F34AA91152B2E700D9765C /* SDWebImageDataSource.h */ = {isa = PBXFileReference; fileEncoding = 4; lastKnownFileType = sourcecode.c.h; path = SDWebImageDataSource.h; sourceTree = "<group>"; };
		68F34AAA1152B2E700D9765C /* SDWebImageDataSource.m */ = {isa = PBXFileReference; fileEncoding = 4; lastKnownFileType = sourcecode.c.objc; path = SDWebImageDataSource.m; sourceTree = "<group>"; };
		68F34AF31152B8C800D9765C /* FlickrDataSource.h */ = {isa = PBXFileReference; fileEncoding = 4; lastKnownFileType = sourcecode.c.h; path = FlickrDataSource.h; sourceTree = "<group>"; };
		68F34AF41152B8C800D9765C /* FlickrDataSource.m */ = {isa = PBXFileReference; fileEncoding = 4; lastKnownFileType = sourcecode.c.objc; path = FlickrDataSource.m; sourceTree = "<group>"; };
		68F34AF51152B8C800D9765C /* FlickrRootViewController.h */ = {isa = PBXFileReference; fileEncoding = 4; lastKnownFileType = sourcecode.c.h; path = FlickrRootViewController.h; sourceTree = "<group>"; };
		68F34AF61152B8C800D9765C /* FlickrRootViewController.m */ = {isa = PBXFileReference; fileEncoding = 4; lastKnownFileType = sourcecode.c.objc; path = FlickrRootViewController.m; sourceTree = "<group>"; };
		68F34B6E1152CA8400D9765C /* KTThumbView+SDWebImage.h */ = {isa = PBXFileReference; fileEncoding = 4; lastKnownFileType = sourcecode.c.h; path = "KTThumbView+SDWebImage.h"; sourceTree = "<group>"; };
		68F34B6F1152CA8400D9765C /* KTThumbView+SDWebImage.m */ = {isa = PBXFileReference; fileEncoding = 4; lastKnownFileType = sourcecode.c.objc; path = "KTThumbView+SDWebImage.m"; sourceTree = "<group>"; };
		68F34BBB1152CDF200D9765C /* KTPhotoView+SDWebImage.h */ = {isa = PBXFileReference; fileEncoding = 4; lastKnownFileType = sourcecode.c.h; path = "KTPhotoView+SDWebImage.h"; sourceTree = "<group>"; };
		68F34BBC1152CDF200D9765C /* KTPhotoView+SDWebImage.m */ = {isa = PBXFileReference; fileEncoding = 4; lastKnownFileType = sourcecode.c.objc; path = "KTPhotoView+SDWebImage.m"; sourceTree = "<group>"; };
		68FA36A6113193A900A21845 /* QuartzCore.framework */ = {isa = PBXFileReference; lastKnownFileType = wrapper.framework; name = QuartzCore.framework; path = System/Library/Frameworks/QuartzCore.framework; sourceTree = SDKROOT; };
		8D1107310486CEB800E47090 /* Sample-Info.plist */ = {isa = PBXFileReference; fileEncoding = 4; lastKnownFileType = text.plist.xml; path = "Sample-Info.plist"; plistStructureDefinitionIdentifier = "com.apple.xcode.plist.structure-definition.iphone.info-plist"; sourceTree = "<group>"; };
		AFFB147E1152E9A700BCB9E4 /* photoDefault.png */ = {isa = PBXFileReference; lastKnownFileType = image.png; path = photoDefault.png; sourceTree = "<group>"; };
/* End PBXFileReference section */

/* Begin PBXFrameworksBuildPhase section */
		1D60588F0D05DD3D006BFB54 /* Frameworks */ = {
			isa = PBXFrameworksBuildPhase;
			buildActionMask = 2147483647;
			files = (
				1D60589F0D05DD5A006BFB54 /* Foundation.framework in Frameworks */,
				1DF5F4E00D08C38300B7A737 /* UIKit.framework in Frameworks */,
				288765FD0DF74451002DB57D /* CoreGraphics.framework in Frameworks */,
				68FA36A7113193A900A21845 /* QuartzCore.framework in Frameworks */,
				4747813C12BAA685009933FE /* MessageUI.framework in Frameworks */,
			);
			runOnlyForDeploymentPostprocessing = 0;
		};
/* End PBXFrameworksBuildPhase section */

/* Begin PBXGroup section */
		080E96DDFE201D6D7F000001 /* Classes */ = {
			isa = PBXGroup;
			children = (
				1D3623240D0F684500981E51 /* SampleAppDelegate.h */,
				1D3623250D0F684500981E51 /* SampleAppDelegate.m */,
				68F349D21152AB4200D9765C /* RootViewController.h */,
				68F349D31152AB4200D9765C /* RootViewController.m */,
				68F34AF21152B8C800D9765C /* FlickrSample */,
				68F349B61152AA5500D9765C /* LocalImageSample */,
				68F34A881152B0C800D9765C /* SDWebImageSample */,
			);
			path = Classes;
			sourceTree = "<group>";
		};
		19C28FACFE9D520D11CA2CBB /* Products */ = {
			isa = PBXGroup;
			children = (
				1D6058910D05DD3D006BFB54 /* Sample.app */,
			);
			name = Products;
			sourceTree = "<group>";
		};
		29B97314FDCFA39411CA2CEA /* CustomTemplate */ = {
			isa = PBXGroup;
			children = (
				080E96DDFE201D6D7F000001 /* Classes */,
				68878FCB1120735E00639C71 /* KTPhotoBrowser */,
				29B97315FDCFA39411CA2CEA /* Other Sources */,
				29B97317FDCFA39411CA2CEA /* Resources */,
				29B97323FDCFA39411CA2CEA /* Frameworks */,
				19C28FACFE9D520D11CA2CBB /* Products */,
			);
			name = CustomTemplate;
			sourceTree = "<group>";
		};
		29B97315FDCFA39411CA2CEA /* Other Sources */ = {
			isa = PBXGroup;
			children = (
				32CA4F630368D1EE00C91783 /* Sample_Prefix.pch */,
				29B97316FDCFA39411CA2CEA /* main.m */,
			);
			name = "Other Sources";
			sourceTree = "<group>";
		};
		29B97317FDCFA39411CA2CEA /* Resources */ = {
			isa = PBXGroup;
			children = (
				28AD733E0D9D9553002E5188 /* MainWindow.xib */,
				6827FFB312930FBB00070136 /* MainWindowPad.xib */,
				8D1107310486CEB800E47090 /* Sample-Info.plist */,
				688065F112B00CD3008D1AB8 /* Icon.png */,
				688065F812B00DB0008D1AB8 /* Icon-72x72.png */,
				688065F912B00DB0008D1AB8 /* Icon@2x.png */,
				68316E361124726F00A906B3 /* KTPhotoBrowser.bundle */,
			);
			name = Resources;
			sourceTree = "<group>";
		};
		29B97323FDCFA39411CA2CEA /* Frameworks */ = {
			isa = PBXGroup;
			children = (
				68FA36A6113193A900A21845 /* QuartzCore.framework */,
				1DF5F4DF0D08C38300B7A737 /* UIKit.framework */,
				1D30AB110D05D00D00671497 /* Foundation.framework */,
				288765FC0DF74451002DB57D /* CoreGraphics.framework */,
				4747813B12BAA685009933FE /* MessageUI.framework */,
			);
			name = Frameworks;
			sourceTree = "<group>";
		};
		68878FCB1120735E00639C71 /* KTPhotoBrowser */ = {
			isa = PBXGroup;
			children = (
				6813F439112075BB006B7215 /* KTPhotoBrowserDataSource.h */,
				68316E7E1124743F00A906B3 /* KTPhotoBrowserGlobal.h */,
				68316E7F1124743F00A906B3 /* KTPhotoBrowserGlobal.m */,
				6813F43B112075BB006B7215 /* KTPhotoScrollViewController.h */,
				6813F43C112075BB006B7215 /* KTPhotoScrollViewController.m */,
				6890C7F81135AF9B00A4CFFA /* KTPhotoView.h */,
				6890C7F91135AF9B00A4CFFA /* KTPhotoView.m */,
				6813F43F112075BB006B7215 /* KTThumbsViewController.h */,
				6813F440112075BB006B7215 /* KTThumbsViewController.m */,
				6854010A1158FA0E00D9B688 /* KTThumbsView.h */,
				6854010B1158FA0E00D9B688 /* KTThumbsView.m */,
				6813F441112075BB006B7215 /* KTThumbView.h */,
				6813F442112075BB006B7215 /* KTThumbView.m */,
			);
			name = KTPhotoBrowser;
			sourceTree = "<group>";
		};
		68F349B61152AA5500D9765C /* LocalImageSample */ = {
			isa = PBXGroup;
			children = (
				68F349BB1152AA5500D9765C /* LocalImageRootViewController.h */,
				68F349BC1152AA5500D9765C /* LocalImageRootViewController.m */,
				68F349B71152AA5500D9765C /* PhotoPickerController.h */,
				68F349B81152AA5500D9765C /* PhotoPickerController.m */,
				68F349B91152AA5500D9765C /* Photos.h */,
				68F349BA1152AA5500D9765C /* Photos.m */,
				68F349BD1152AA5500D9765C /* UIImage+KTCategory.h */,
				68F349BE1152AA5500D9765C /* UIImage+KTCategory.m */,
			);
			path = LocalImageSample;
			sourceTree = "<group>";
		};
		68F34A881152B0C800D9765C /* SDWebImageSample */ = {
			isa = PBXGroup;
			children = (
				AFFB147E1152E9A700BCB9E4 /* photoDefault.png */,
				68F34A891152B0C800D9765C /* SDWebImage */,
				68F34AA61152B28300D9765C /* SDWebImageRootViewController.h */,
				68F34AA71152B28300D9765C /* SDWebImageRootViewController.m */,
				68F34AA91152B2E700D9765C /* SDWebImageDataSource.h */,
				68F34AAA1152B2E700D9765C /* SDWebImageDataSource.m */,
				68F34BBB1152CDF200D9765C /* KTPhotoView+SDWebImage.h */,
				68F34BBC1152CDF200D9765C /* KTPhotoView+SDWebImage.m */,
				68F34B6E1152CA8400D9765C /* KTThumbView+SDWebImage.h */,
				68F34B6F1152CA8400D9765C /* KTThumbView+SDWebImage.m */,
			);
			path = SDWebImageSample;
			sourceTree = "<group>";
		};
		68F34A891152B0C800D9765C /* SDWebImage */ = {
			isa = PBXGroup;
			children = (
				688065C612B00A36008D1AB8 /* LICENSE */,
				688065C712B00A36008D1AB8 /* README.md */,
				688065C812B00A36008D1AB8 /* SDImageCache.h */,
				688065C912B00A36008D1AB8 /* SDImageCache.m */,
				688065CA12B00A36008D1AB8 /* SDImageCacheDelegate.h */,
				688065CB12B00A36008D1AB8 /* SDWebImageDownloader.h */,
				688065CC12B00A36008D1AB8 /* SDWebImageDownloader.m */,
				688065CD12B00A36008D1AB8 /* SDWebImageDownloaderDelegate.h */,
				688065CE12B00A36008D1AB8 /* SDWebImageManager.h */,
				688065CF12B00A36008D1AB8 /* SDWebImageManager.m */,
				688065D012B00A36008D1AB8 /* SDWebImageManagerDelegate.h */,
				688065D112B00A36008D1AB8 /* UIImageView+WebCache.h */,
				688065D212B00A36008D1AB8 /* UIImageView+WebCache.m */,
			);
			path = SDWebImage;
			sourceTree = "<group>";
		};
		68F34AF21152B8C800D9765C /* FlickrSample */ = {
			isa = PBXGroup;
			children = (
				68F34AF31152B8C800D9765C /* FlickrDataSource.h */,
				68F34AF41152B8C800D9765C /* FlickrDataSource.m */,
				68F34AF51152B8C800D9765C /* FlickrRootViewController.h */,
				68F34AF61152B8C800D9765C /* FlickrRootViewController.m */,
			);
			path = FlickrSample;
			sourceTree = "<group>";
		};
/* End PBXGroup section */

/* Begin PBXNativeTarget section */
		1D6058900D05DD3D006BFB54 /* Sample */ = {
			isa = PBXNativeTarget;
			buildConfigurationList = 1D6058960D05DD3E006BFB54 /* Build configuration list for PBXNativeTarget "Sample" */;
			buildPhases = (
				1D60588D0D05DD3D006BFB54 /* Resources */,
				1D60588E0D05DD3D006BFB54 /* Sources */,
				1D60588F0D05DD3D006BFB54 /* Frameworks */,
			);
			buildRules = (
			);
			dependencies = (
			);
			name = Sample;
			productName = Sample;
			productReference = 1D6058910D05DD3D006BFB54 /* Sample.app */;
			productType = "com.apple.product-type.application";
		};
/* End PBXNativeTarget section */

/* Begin PBXProject section */
		29B97313FDCFA39411CA2CEA /* Project object */ = {
			isa = PBXProject;
			buildConfigurationList = C01FCF4E08A954540054247B /* Build configuration list for PBXProject "Sample" */;
			compatibilityVersion = "Xcode 3.1";
			developmentRegion = English;
			hasScannedForEncodings = 1;
			knownRegions = (
				English,
				Japanese,
				French,
				German,
			);
			mainGroup = 29B97314FDCFA39411CA2CEA /* CustomTemplate */;
			projectDirPath = "";
			projectRoot = "";
			targets = (
				1D6058900D05DD3D006BFB54 /* Sample */,
			);
		};
/* End PBXProject section */

/* Begin PBXResourcesBuildPhase section */
		1D60588D0D05DD3D006BFB54 /* Resources */ = {
			isa = PBXResourcesBuildPhase;
			buildActionMask = 2147483647;
			files = (
				28AD733F0D9D9553002E5188 /* MainWindow.xib in Resources */,
				68316E371124726F00A906B3 /* KTPhotoBrowser.bundle in Resources */,
				AFFB147F1152E9A700BCB9E4 /* photoDefault.png in Resources */,
				6827FFB412930FBB00070136 /* MainWindowPad.xib in Resources */,
				688065D312B00A36008D1AB8 /* LICENSE in Resources */,
				688065D412B00A36008D1AB8 /* README.md in Resources */,
				688065F212B00CD3008D1AB8 /* Icon.png in Resources */,
				688065FA12B00DB0008D1AB8 /* Icon-72x72.png in Resources */,
				688065FB12B00DB0008D1AB8 /* Icon@2x.png in Resources */,
			);
			runOnlyForDeploymentPostprocessing = 0;
		};
/* End PBXResourcesBuildPhase section */

/* Begin PBXSourcesBuildPhase section */
		1D60588E0D05DD3D006BFB54 /* Sources */ = {
			isa = PBXSourcesBuildPhase;
			buildActionMask = 2147483647;
			files = (
				1D60589B0D05DD56006BFB54 /* main.m in Sources */,
				1D3623260D0F684500981E51 /* SampleAppDelegate.m in Sources */,
				6813F444112075BB006B7215 /* KTPhotoScrollViewController.m in Sources */,
				6813F446112075BB006B7215 /* KTThumbsViewController.m in Sources */,
				6813F447112075BB006B7215 /* KTThumbView.m in Sources */,
				68316E801124743F00A906B3 /* KTPhotoBrowserGlobal.m in Sources */,
				6890C7FA1135AF9B00A4CFFA /* KTPhotoView.m in Sources */,
				68F349BF1152AA5500D9765C /* PhotoPickerController.m in Sources */,
				68F349C01152AA5500D9765C /* Photos.m in Sources */,
				68F349C11152AA5500D9765C /* LocalImageRootViewController.m in Sources */,
				68F349C21152AA5500D9765C /* UIImage+KTCategory.m in Sources */,
				68F349D41152AB4200D9765C /* RootViewController.m in Sources */,
				68F34AA81152B28300D9765C /* SDWebImageRootViewController.m in Sources */,
				68F34AAB1152B2E700D9765C /* SDWebImageDataSource.m in Sources */,
				68F34AF71152B8C800D9765C /* FlickrDataSource.m in Sources */,
				68F34AF81152B8C800D9765C /* FlickrRootViewController.m in Sources */,
				68F34B701152CA8400D9765C /* KTThumbView+SDWebImage.m in Sources */,
				68F34BBD1152CDF200D9765C /* KTPhotoView+SDWebImage.m in Sources */,
				6854010C1158FA0E00D9B688 /* KTThumbsView.m in Sources */,
				688065D512B00A36008D1AB8 /* SDImageCache.m in Sources */,
				688065D612B00A36008D1AB8 /* SDWebImageDownloader.m in Sources */,
				688065D712B00A36008D1AB8 /* SDWebImageManager.m in Sources */,
				688065D812B00A36008D1AB8 /* UIImageView+WebCache.m in Sources */,
			);
			runOnlyForDeploymentPostprocessing = 0;
		};
/* End PBXSourcesBuildPhase section */

/* Begin XCBuildConfiguration section */
		1D6058940D05DD3E006BFB54 /* Debug */ = {
			isa = XCBuildConfiguration;
			buildSettings = {
				ALWAYS_SEARCH_USER_PATHS = NO;
				COPY_PHASE_STRIP = NO;
				GCC_DYNAMIC_NO_PIC = NO;
				GCC_OPTIMIZATION_LEVEL = 0;
				GCC_PRECOMPILE_PREFIX_HEADER = YES;
				GCC_PREFIX_HEADER = Sample_Prefix.pch;
				INFOPLIST_FILE = "Sample-Info.plist";
				PRODUCT_NAME = Sample;
				SDKROOT = iphoneos;
				TARGETED_DEVICE_FAMILY = "1,2";
				VALIDATE_PRODUCT = YES;
			};
			name = Debug;
		};
		1D6058950D05DD3E006BFB54 /* Release */ = {
			isa = XCBuildConfiguration;
			buildSettings = {
				ALWAYS_SEARCH_USER_PATHS = NO;
				COPY_PHASE_STRIP = YES;
				GCC_PRECOMPILE_PREFIX_HEADER = YES;
				GCC_PREFIX_HEADER = Sample_Prefix.pch;
				INFOPLIST_FILE = "Sample-Info.plist";
				PRODUCT_NAME = Sample;
				SDKROOT = iphoneos;
				TARGETED_DEVICE_FAMILY = "1,2";
				VALIDATE_PRODUCT = YES;
			};
			name = Release;
		};
		C01FCF4F08A954540054247B /* Debug */ = {
			isa = XCBuildConfiguration;
			buildSettings = {
				ARCHS = "$(ARCHS_STANDARD_32_BIT)";
				"CODE_SIGN_IDENTITY[sdk=iphoneos*]" = "iPhone Developer";
				GCC_C_LANGUAGE_STANDARD = c99;
				GCC_WARN_ABOUT_RETURN_TYPE = YES;
				GCC_WARN_UNUSED_VARIABLE = YES;
				IPHONEOS_DEPLOYMENT_TARGET = 3.0;
				OTHER_CFLAGS = "-DDEBUG=1";
				PREBINDING = NO;
				SDKROOT = iphoneos4.0;
			};
			name = Debug;
		};
		C01FCF5008A954540054247B /* Release */ = {
			isa = XCBuildConfiguration;
			buildSettings = {
				ARCHS = "$(ARCHS_STANDARD_32_BIT)";
				"CODE_SIGN_IDENTITY[sdk=iphoneos*]" = "iPhone Developer";
				GCC_C_LANGUAGE_STANDARD = c99;
				GCC_WARN_ABOUT_RETURN_TYPE = YES;
				GCC_WARN_UNUSED_VARIABLE = YES;
				IPHONEOS_DEPLOYMENT_TARGET = 3.0;
				PREBINDING = NO;
				SDKROOT = iphoneos4.0;
			};
			name = Release;
		};
/* End XCBuildConfiguration section */

/* Begin XCConfigurationList section */
		1D6058960D05DD3E006BFB54 /* Build configuration list for PBXNativeTarget "Sample" */ = {
			isa = XCConfigurationList;
			buildConfigurations = (
				1D6058940D05DD3E006BFB54 /* Debug */,
				1D6058950D05DD3E006BFB54 /* Release */,
			);
			defaultConfigurationIsVisible = 0;
			defaultConfigurationName = Release;
		};
		C01FCF4E08A954540054247B /* Build configuration list for PBXProject "Sample" */ = {
			isa = XCConfigurationList;
			buildConfigurations = (
				C01FCF4F08A954540054247B /* Debug */,
				C01FCF5008A954540054247B /* Release */,
			);
			defaultConfigurationIsVisible = 0;
			defaultConfigurationName = Release;
		};
/* End XCConfigurationList section */
	};
	rootObject = 29B97313FDCFA39411CA2CEA /* Project object */;
}
