// !$*UTF8*$!
{
	archiveVersion = 1;
	classes = {
	};
	objectVersion = 45;
	objects = {

/* Begin PBXBuildFile section */
		1D3623260D0F684500981E51 /* TabBarSampleAppDelegate.m in Sources */ = {isa = PBXBuildFile; fileRef = 1D3623250D0F684500981E51 /* TabBarSampleAppDelegate.m */; };
		1D60589B0D05DD56006BFB54 /* main.m in Sources */ = {isa = PBXBuildFile; fileRef = 29B97316FDCFA39411CA2CEA /* main.m */; };
		1D60589F0D05DD5A006BFB54 /* Foundation.framework in Frameworks */ = {isa = PBXBuildFile; fileRef = 1D30AB110D05D00D00671497 /* Foundation.framework */; };
		1DF5F4E00D08C38300B7A737 /* UIKit.framework in Frameworks */ = {isa = PBXBuildFile; fileRef = 1DF5F4DF0D08C38300B7A737 /* UIKit.framework */; };
		288765080DF74369002DB57D /* CoreGraphics.framework in Frameworks */ = {isa = PBXBuildFile; fileRef = 288765070DF74369002DB57D /* CoreGraphics.framework */; };
		28AD73880D9D96C1002E5188 /* MainWindow.xib in Resources */ = {isa = PBXBuildFile; fileRef = 28AD73870D9D96C1002E5188 /* MainWindow.xib */; };
		683342A31216BEFF00BCC561 /* KTPhotoBrowser.bundle in Resources */ = {isa = PBXBuildFile; fileRef = 683342921216BEFF00BCC561 /* KTPhotoBrowser.bundle */; };
		683342A51216BEFF00BCC561 /* KTPhotoBrowserGlobal.m in Sources */ = {isa = PBXBuildFile; fileRef = 683342961216BEFF00BCC561 /* KTPhotoBrowserGlobal.m */; };
		683342A61216BEFF00BCC561 /* KTPhotoScrollViewController.m in Sources */ = {isa = PBXBuildFile; fileRef = 683342981216BEFF00BCC561 /* KTPhotoScrollViewController.m */; };
		683342A71216BEFF00BCC561 /* KTPhotoView.m in Sources */ = {isa = PBXBuildFile; fileRef = 6833429A1216BEFF00BCC561 /* KTPhotoView.m */; };
		683342A91216BEFF00BCC561 /* KTThumbsView.m in Sources */ = {isa = PBXBuildFile; fileRef = 6833429E1216BEFF00BCC561 /* KTThumbsView.m */; };
		683342AA1216BEFF00BCC561 /* KTThumbsViewController.m in Sources */ = {isa = PBXBuildFile; fileRef = 683342A01216BEFF00BCC561 /* KTThumbsViewController.m */; };
		683342AB1216BEFF00BCC561 /* KTThumbView.m in Sources */ = {isa = PBXBuildFile; fileRef = 683342A21216BEFF00BCC561 /* KTThumbView.m */; };
		683342B01216BF6D00BCC561 /* LocalView.xib in Resources */ = {isa = PBXBuildFile; fileRef = 683342AF1216BF6D00BCC561 /* LocalView.xib */; };
		683342B21216BF7A00BCC561 /* FlickrView.xib in Resources */ = {isa = PBXBuildFile; fileRef = 683342B11216BF7A00BCC561 /* FlickrView.xib */; };
		683342DA1216C00A00BCC561 /* FlickrDataSource.m in Sources */ = {isa = PBXBuildFile; fileRef = 683342B71216C00A00BCC561 /* FlickrDataSource.m */; };
		683342DB1216C00A00BCC561 /* FlickrRootViewController.m in Sources */ = {isa = PBXBuildFile; fileRef = 683342B91216C00A00BCC561 /* FlickrRootViewController.m */; };
		683342DC1216C00A00BCC561 /* LocalImageRootViewController.m in Sources */ = {isa = PBXBuildFile; fileRef = 683342BC1216C00A00BCC561 /* LocalImageRootViewController.m */; };
		683342DD1216C00A00BCC561 /* PhotoPickerController.m in Sources */ = {isa = PBXBuildFile; fileRef = 683342BE1216C00A00BCC561 /* PhotoPickerController.m */; };
		683342DE1216C00A00BCC561 /* Photos.m in Sources */ = {isa = PBXBuildFile; fileRef = 683342C01216C00A00BCC561 /* Photos.m */; };
		683342DF1216C00A00BCC561 /* UIImage+KTCategory.m in Sources */ = {isa = PBXBuildFile; fileRef = 683342C21216C00A00BCC561 /* UIImage+KTCategory.m */; };
		683342E01216C00A00BCC561 /* KTPhotoView+SDWebImage.m in Sources */ = {isa = PBXBuildFile; fileRef = 683342C51216C00A00BCC561 /* KTPhotoView+SDWebImage.m */; };
		683342E11216C00A00BCC561 /* KTThumbView+SDWebImage.m in Sources */ = {isa = PBXBuildFile; fileRef = 683342C71216C00A00BCC561 /* KTThumbView+SDWebImage.m */; };
		683342E21216C00A00BCC561 /* photoDefault.png in Resources */ = {isa = PBXBuildFile; fileRef = 683342C81216C00A00BCC561 /* photoDefault.png */; };
		683342E31216C00A00BCC561 /* LICENSE in Resources */ = {isa = PBXBuildFile; fileRef = 683342CA1216C00A00BCC561 /* LICENSE */; };
		683342E41216C00A00BCC561 /* README.md in Resources */ = {isa = PBXBuildFile; fileRef = 683342CB1216C00A00BCC561 /* README.md */; };
		683342E51216C00A00BCC561 /* SDImageCache.m in Sources */ = {isa = PBXBuildFile; fileRef = 683342CD1216C00A00BCC561 /* SDImageCache.m */; };
		683342E61216C00A00BCC561 /* SDWebImageDownloader.m in Sources */ = {isa = PBXBuildFile; fileRef = 683342CF1216C00A00BCC561 /* SDWebImageDownloader.m */; };
		683342E71216C00A00BCC561 /* SDWebImageManager.m in Sources */ = {isa = PBXBuildFile; fileRef = 683342D21216C00A00BCC561 /* SDWebImageManager.m */; };
		683342E81216C00A00BCC561 /* UIImageView+WebCache.m in Sources */ = {isa = PBXBuildFile; fileRef = 683342D51216C00A00BCC561 /* UIImageView+WebCache.m */; };
		683342E91216C00A00BCC561 /* SDWebImageDataSource.m in Sources */ = {isa = PBXBuildFile; fileRef = 683342D71216C00A00BCC561 /* SDWebImageDataSource.m */; };
		683342EA1216C00A00BCC561 /* SDWebImageRootViewController.m in Sources */ = {isa = PBXBuildFile; fileRef = 683342D91216C00A00BCC561 /* SDWebImageRootViewController.m */; };
		683342EF1216C06200BCC561 /* QuartzCore.framework in Frameworks */ = {isa = PBXBuildFile; fileRef = 683342EE1216C06200BCC561 /* QuartzCore.framework */; };
		6833431C1216C17300BCC561 /* SDWebImageView.xib in Resources */ = {isa = PBXBuildFile; fileRef = 6833431B1216C17300BCC561 /* SDWebImageView.xib */; };
/* End PBXBuildFile section */

/* Begin PBXFileReference section */
		1D30AB110D05D00D00671497 /* Foundation.framework */ = {isa = PBXFileReference; lastKnownFileType = wrapper.framework; name = Foundation.framework; path = System/Library/Frameworks/Foundation.framework; sourceTree = SDKROOT; };
		1D3623240D0F684500981E51 /* TabBarSampleAppDelegate.h */ = {isa = PBXFileReference; fileEncoding = 4; lastKnownFileType = sourcecode.c.h; path = TabBarSampleAppDelegate.h; sourceTree = "<group>"; };
		1D3623250D0F684500981E51 /* TabBarSampleAppDelegate.m */ = {isa = PBXFileReference; fileEncoding = 4; lastKnownFileType = sourcecode.c.objc; path = TabBarSampleAppDelegate.m; sourceTree = "<group>"; };
		1D6058910D05DD3D006BFB54 /* TabBarSample.app */ = {isa = PBXFileReference; explicitFileType = wrapper.application; includeInIndex = 0; path = TabBarSample.app; sourceTree = BUILT_PRODUCTS_DIR; };
		1DF5F4DF0D08C38300B7A737 /* UIKit.framework */ = {isa = PBXFileReference; lastKnownFileType = wrapper.framework; name = UIKit.framework; path = System/Library/Frameworks/UIKit.framework; sourceTree = SDKROOT; };
		288765070DF74369002DB57D /* CoreGraphics.framework */ = {isa = PBXFileReference; lastKnownFileType = wrapper.framework; name = CoreGraphics.framework; path = System/Library/Frameworks/CoreGraphics.framework; sourceTree = SDKROOT; };
		28A0AB4B0D9B1048005BE974 /* TabBarSample_Prefix.pch */ = {isa = PBXFileReference; fileEncoding = 4; lastKnownFileType = sourcecode.c.h; path = TabBarSample_Prefix.pch; sourceTree = "<group>"; };
		28AD73870D9D96C1002E5188 /* MainWindow.xib */ = {isa = PBXFileReference; lastKnownFileType = file.xib; path = MainWindow.xib; sourceTree = "<group>"; };
		29B97316FDCFA39411CA2CEA /* main.m */ = {isa = PBXFileReference; fileEncoding = 4; lastKnownFileType = sourcecode.c.objc; path = main.m; sourceTree = "<group>"; };
		683342921216BEFF00BCC561 /* KTPhotoBrowser.bundle */ = {isa = PBXFileReference; lastKnownFileType = "wrapper.plug-in"; path = KTPhotoBrowser.bundle; sourceTree = "<group>"; };
		683342931216BEFF00BCC561 /* KTPhotoBrowserDataSource.h */ = {isa = PBXFileReference; fileEncoding = 4; lastKnownFileType = sourcecode.c.h; path = KTPhotoBrowserDataSource.h; sourceTree = "<group>"; };
		683342951216BEFF00BCC561 /* KTPhotoBrowserGlobal.h */ = {isa = PBXFileReference; fileEncoding = 4; lastKnownFileType = sourcecode.c.h; path = KTPhotoBrowserGlobal.h; sourceTree = "<group>"; };
		683342961216BEFF00BCC561 /* KTPhotoBrowserGlobal.m */ = {isa = PBXFileReference; fileEncoding = 4; lastKnownFileType = sourcecode.c.objc; path = KTPhotoBrowserGlobal.m; sourceTree = "<group>"; };
		683342971216BEFF00BCC561 /* KTPhotoScrollViewController.h */ = {isa = PBXFileReference; fileEncoding = 4; lastKnownFileType = sourcecode.c.h; path = KTPhotoScrollViewController.h; sourceTree = "<group>"; };
		683342981216BEFF00BCC561 /* KTPhotoScrollViewController.m */ = {isa = PBXFileReference; fileEncoding = 4; lastKnownFileType = sourcecode.c.objc; path = KTPhotoScrollViewController.m; sourceTree = "<group>"; };
		683342991216BEFF00BCC561 /* KTPhotoView.h */ = {isa = PBXFileReference; fileEncoding = 4; lastKnownFileType = sourcecode.c.h; path = KTPhotoView.h; sourceTree = "<group>"; };
		6833429A1216BEFF00BCC561 /* KTPhotoView.m */ = {isa = PBXFileReference; fileEncoding = 4; lastKnownFileType = sourcecode.c.objc; path = KTPhotoView.m; sourceTree = "<group>"; };
		6833429D1216BEFF00BCC561 /* KTThumbsView.h */ = {isa = PBXFileReference; fileEncoding = 4; lastKnownFileType = sourcecode.c.h; path = KTThumbsView.h; sourceTree = "<group>"; };
		6833429E1216BEFF00BCC561 /* KTThumbsView.m */ = {isa = PBXFileReference; fileEncoding = 4; lastKnownFileType = sourcecode.c.objc; path = KTThumbsView.m; sourceTree = "<group>"; };
		6833429F1216BEFF00BCC561 /* KTThumbsViewController.h */ = {isa = PBXFileReference; fileEncoding = 4; lastKnownFileType = sourcecode.c.h; path = KTThumbsViewController.h; sourceTree = "<group>"; };
		683342A01216BEFF00BCC561 /* KTThumbsViewController.m */ = {isa = PBXFileReference; fileEncoding = 4; lastKnownFileType = sourcecode.c.objc; path = KTThumbsViewController.m; sourceTree = "<group>"; };
		683342A11216BEFF00BCC561 /* KTThumbView.h */ = {isa = PBXFileReference; fileEncoding = 4; lastKnownFileType = sourcecode.c.h; path = KTThumbView.h; sourceTree = "<group>"; };
		683342A21216BEFF00BCC561 /* KTThumbView.m */ = {isa = PBXFileReference; fileEncoding = 4; lastKnownFileType = sourcecode.c.objc; path = KTThumbView.m; sourceTree = "<group>"; };
		683342AF1216BF6D00BCC561 /* LocalView.xib */ = {isa = PBXFileReference; lastKnownFileType = file.xib; path = LocalView.xib; sourceTree = "<group>"; };
		683342B11216BF7A00BCC561 /* FlickrView.xib */ = {isa = PBXFileReference; lastKnownFileType = file.xib; path = FlickrView.xib; sourceTree = "<group>"; };
		683342B61216C00A00BCC561 /* FlickrDataSource.h */ = {isa = PBXFileReference; fileEncoding = 4; lastKnownFileType = sourcecode.c.h; path = FlickrDataSource.h; sourceTree = "<group>"; };
		683342B71216C00A00BCC561 /* FlickrDataSource.m */ = {isa = PBXFileReference; fileEncoding = 4; lastKnownFileType = sourcecode.c.objc; path = FlickrDataSource.m; sourceTree = "<group>"; };
		683342B81216C00A00BCC561 /* FlickrRootViewController.h */ = {isa = PBXFileReference; fileEncoding = 4; lastKnownFileType = sourcecode.c.h; path = FlickrRootViewController.h; sourceTree = "<group>"; };
		683342B91216C00A00BCC561 /* FlickrRootViewController.m */ = {isa = PBXFileReference; fileEncoding = 4; lastKnownFileType = sourcecode.c.objc; path = FlickrRootViewController.m; sourceTree = "<group>"; };
		683342BB1216C00A00BCC561 /* LocalImageRootViewController.h */ = {isa = PBXFileReference; fileEncoding = 4; lastKnownFileType = sourcecode.c.h; path = LocalImageRootViewController.h; sourceTree = "<group>"; };
		683342BC1216C00A00BCC561 /* LocalImageRootViewController.m */ = {isa = PBXFileReference; fileEncoding = 4; lastKnownFileType = sourcecode.c.objc; path = LocalImageRootViewController.m; sourceTree = "<group>"; };
		683342BD1216C00A00BCC561 /* PhotoPickerController.h */ = {isa = PBXFileReference; fileEncoding = 4; lastKnownFileType = sourcecode.c.h; path = PhotoPickerController.h; sourceTree = "<group>"; };
		683342BE1216C00A00BCC561 /* PhotoPickerController.m */ = {isa = PBXFileReference; fileEncoding = 4; lastKnownFileType = sourcecode.c.objc; path = PhotoPickerController.m; sourceTree = "<group>"; };
		683342BF1216C00A00BCC561 /* Photos.h */ = {isa = PBXFileReference; fileEncoding = 4; lastKnownFileType = sourcecode.c.h; path = Photos.h; sourceTree = "<group>"; };
		683342C01216C00A00BCC561 /* Photos.m */ = {isa = PBXFileReference; fileEncoding = 4; lastKnownFileType = sourcecode.c.objc; path = Photos.m; sourceTree = "<group>"; };
		683342C11216C00A00BCC561 /* UIImage+KTCategory.h */ = {isa = PBXFileReference; fileEncoding = 4; lastKnownFileType = sourcecode.c.h; path = "UIImage+KTCategory.h"; sourceTree = "<group>"; };
		683342C21216C00A00BCC561 /* UIImage+KTCategory.m */ = {isa = PBXFileReference; fileEncoding = 4; lastKnownFileType = sourcecode.c.objc; path = "UIImage+KTCategory.m"; sourceTree = "<group>"; };
		683342C41216C00A00BCC561 /* KTPhotoView+SDWebImage.h */ = {isa = PBXFileReference; fileEncoding = 4; lastKnownFileType = sourcecode.c.h; path = "KTPhotoView+SDWebImage.h"; sourceTree = "<group>"; };
		683342C51216C00A00BCC561 /* KTPhotoView+SDWebImage.m */ = {isa = PBXFileReference; fileEncoding = 4; lastKnownFileType = sourcecode.c.objc; path = "KTPhotoView+SDWebImage.m"; sourceTree = "<group>"; };
		683342C61216C00A00BCC561 /* KTThumbView+SDWebImage.h */ = {isa = PBXFileReference; fileEncoding = 4; lastKnownFileType = sourcecode.c.h; path = "KTThumbView+SDWebImage.h"; sourceTree = "<group>"; };
		683342C71216C00A00BCC561 /* KTThumbView+SDWebImage.m */ = {isa = PBXFileReference; fileEncoding = 4; lastKnownFileType = sourcecode.c.objc; path = "KTThumbView+SDWebImage.m"; sourceTree = "<group>"; };
		683342C81216C00A00BCC561 /* photoDefault.png */ = {isa = PBXFileReference; lastKnownFileType = image.png; path = photoDefault.png; sourceTree = "<group>"; };
		683342CA1216C00A00BCC561 /* LICENSE */ = {isa = PBXFileReference; fileEncoding = 4; lastKnownFileType = text; path = LICENSE; sourceTree = "<group>"; };
		683342CB1216C00A00BCC561 /* README.md */ = {isa = PBXFileReference; fileEncoding = 4; lastKnownFileType = text; path = README.md; sourceTree = "<group>"; };
		683342CC1216C00A00BCC561 /* SDImageCache.h */ = {isa = PBXFileReference; fileEncoding = 4; lastKnownFileType = sourcecode.c.h; path = SDImageCache.h; sourceTree = "<group>"; };
		683342CD1216C00A00BCC561 /* SDImageCache.m */ = {isa = PBXFileReference; fileEncoding = 4; lastKnownFileType = sourcecode.c.objc; path = SDImageCache.m; sourceTree = "<group>"; };
		683342CE1216C00A00BCC561 /* SDWebImageDownloader.h */ = {isa = PBXFileReference; fileEncoding = 4; lastKnownFileType = sourcecode.c.h; path = SDWebImageDownloader.h; sourceTree = "<group>"; };
		683342CF1216C00A00BCC561 /* SDWebImageDownloader.m */ = {isa = PBXFileReference; fileEncoding = 4; lastKnownFileType = sourcecode.c.objc; path = SDWebImageDownloader.m; sourceTree = "<group>"; };
		683342D01216C00A00BCC561 /* SDWebImageDownloaderDelegate.h */ = {isa = PBXFileReference; fileEncoding = 4; lastKnownFileType = sourcecode.c.h; path = SDWebImageDownloaderDelegate.h; sourceTree = "<group>"; };
		683342D11216C00A00BCC561 /* SDWebImageManager.h */ = {isa = PBXFileReference; fileEncoding = 4; lastKnownFileType = sourcecode.c.h; path = SDWebImageManager.h; sourceTree = "<group>"; };
		683342D21216C00A00BCC561 /* SDWebImageManager.m */ = {isa = PBXFileReference; fileEncoding = 4; lastKnownFileType = sourcecode.c.objc; path = SDWebImageManager.m; sourceTree = "<group>"; };
		683342D31216C00A00BCC561 /* SDWebImageManagerDelegate.h */ = {isa = PBXFileReference; fileEncoding = 4; lastKnownFileType = sourcecode.c.h; path = SDWebImageManagerDelegate.h; sourceTree = "<group>"; };
		683342D41216C00A00BCC561 /* UIImageView+WebCache.h */ = {isa = PBXFileReference; fileEncoding = 4; lastKnownFileType = sourcecode.c.h; path = "UIImageView+WebCache.h"; sourceTree = "<group>"; };
		683342D51216C00A00BCC561 /* UIImageView+WebCache.m */ = {isa = PBXFileReference; fileEncoding = 4; lastKnownFileType = sourcecode.c.objc; path = "UIImageView+WebCache.m"; sourceTree = "<group>"; };
		683342D61216C00A00BCC561 /* SDWebImageDataSource.h */ = {isa = PBXFileReference; fileEncoding = 4; lastKnownFileType = sourcecode.c.h; path = SDWebImageDataSource.h; sourceTree = "<group>"; };
		683342D71216C00A00BCC561 /* SDWebImageDataSource.m */ = {isa = PBXFileReference; fileEncoding = 4; lastKnownFileType = sourcecode.c.objc; path = SDWebImageDataSource.m; sourceTree = "<group>"; };
		683342D81216C00A00BCC561 /* SDWebImageRootViewController.h */ = {isa = PBXFileReference; fileEncoding = 4; lastKnownFileType = sourcecode.c.h; path = SDWebImageRootViewController.h; sourceTree = "<group>"; };
		683342D91216C00A00BCC561 /* SDWebImageRootViewController.m */ = {isa = PBXFileReference; fileEncoding = 4; lastKnownFileType = sourcecode.c.objc; path = SDWebImageRootViewController.m; sourceTree = "<group>"; };
		683342EE1216C06200BCC561 /* QuartzCore.framework */ = {isa = PBXFileReference; lastKnownFileType = wrapper.framework; name = QuartzCore.framework; path = System/Library/Frameworks/QuartzCore.framework; sourceTree = SDKROOT; };
		6833431B1216C17300BCC561 /* SDWebImageView.xib */ = {isa = PBXFileReference; lastKnownFileType = file.xib; path = SDWebImageView.xib; sourceTree = "<group>"; };
		8D1107310486CEB800E47090 /* TabBarSample-Info.plist */ = {isa = PBXFileReference; fileEncoding = 4; lastKnownFileType = text.plist.xml; path = "TabBarSample-Info.plist"; plistStructureDefinitionIdentifier = "com.apple.xcode.plist.structure-definition.iphone.info-plist"; sourceTree = "<group>"; };
/* End PBXFileReference section */

/* Begin PBXFrameworksBuildPhase section */
		1D60588F0D05DD3D006BFB54 /* Frameworks */ = {
			isa = PBXFrameworksBuildPhase;
			buildActionMask = 2147483647;
			files = (
				1D60589F0D05DD5A006BFB54 /* Foundation.framework in Frameworks */,
				1DF5F4E00D08C38300B7A737 /* UIKit.framework in Frameworks */,
				288765080DF74369002DB57D /* CoreGraphics.framework in Frameworks */,
				683342EF1216C06200BCC561 /* QuartzCore.framework in Frameworks */,
			);
			runOnlyForDeploymentPostprocessing = 0;
		};
/* End PBXFrameworksBuildPhase section */

/* Begin PBXGroup section */
		080E96DDFE201D6D7F000001 /* Classes */ = {
			isa = PBXGroup;
			children = (
				1D3623240D0F684500981E51 /* TabBarSampleAppDelegate.h */,
				1D3623250D0F684500981E51 /* TabBarSampleAppDelegate.m */,
				683342B51216C00A00BCC561 /* FlickrSample */,
				683342BA1216C00A00BCC561 /* LocalImageSample */,
				683342C31216C00A00BCC561 /* SDWebImageSample */,
			);
			path = Classes;
			sourceTree = "<group>";
		};
		19C28FACFE9D520D11CA2CBB /* Products */ = {
			isa = PBXGroup;
			children = (
				1D6058910D05DD3D006BFB54 /* TabBarSample.app */,
			);
			name = Products;
			sourceTree = "<group>";
		};
		29B97314FDCFA39411CA2CEA /* TabBarSample */ = {
			isa = PBXGroup;
			children = (
				683342911216BEFF00BCC561 /* KTPhotoBrowser */,
				080E96DDFE201D6D7F000001 /* Classes */,
				29B97315FDCFA39411CA2CEA /* Other Sources */,
				29B97317FDCFA39411CA2CEA /* Resources */,
				29B97323FDCFA39411CA2CEA /* Frameworks */,
				19C28FACFE9D520D11CA2CBB /* Products */,
			);
			name = TabBarSample;
			sourceTree = "<group>";
		};
		29B97315FDCFA39411CA2CEA /* Other Sources */ = {
			isa = PBXGroup;
			children = (
				28A0AB4B0D9B1048005BE974 /* TabBarSample_Prefix.pch */,
				29B97316FDCFA39411CA2CEA /* main.m */,
			);
			name = "Other Sources";
			sourceTree = "<group>";
		};
		29B97317FDCFA39411CA2CEA /* Resources */ = {
			isa = PBXGroup;
			children = (
				28AD73870D9D96C1002E5188 /* MainWindow.xib */,
				8D1107310486CEB800E47090 /* TabBarSample-Info.plist */,
				683342AF1216BF6D00BCC561 /* LocalView.xib */,
				683342B11216BF7A00BCC561 /* FlickrView.xib */,
				6833431B1216C17300BCC561 /* SDWebImageView.xib */,
			);
			name = Resources;
			sourceTree = "<group>";
		};
		29B97323FDCFA39411CA2CEA /* Frameworks */ = {
			isa = PBXGroup;
			children = (
				683342EE1216C06200BCC561 /* QuartzCore.framework */,
				1DF5F4DF0D08C38300B7A737 /* UIKit.framework */,
				1D30AB110D05D00D00671497 /* Foundation.framework */,
				288765070DF74369002DB57D /* CoreGraphics.framework */,
			);
			name = Frameworks;
			sourceTree = "<group>";
		};
		683342911216BEFF00BCC561 /* KTPhotoBrowser */ = {
			isa = PBXGroup;
			children = (
				683342921216BEFF00BCC561 /* KTPhotoBrowser.bundle */,
				683342931216BEFF00BCC561 /* KTPhotoBrowserDataSource.h */,
				683342951216BEFF00BCC561 /* KTPhotoBrowserGlobal.h */,
				683342961216BEFF00BCC561 /* KTPhotoBrowserGlobal.m */,
				683342971216BEFF00BCC561 /* KTPhotoScrollViewController.h */,
				683342981216BEFF00BCC561 /* KTPhotoScrollViewController.m */,
				683342991216BEFF00BCC561 /* KTPhotoView.h */,
				6833429A1216BEFF00BCC561 /* KTPhotoView.m */,
				6833429D1216BEFF00BCC561 /* KTThumbsView.h */,
				6833429E1216BEFF00BCC561 /* KTThumbsView.m */,
				6833429F1216BEFF00BCC561 /* KTThumbsViewController.h */,
				683342A01216BEFF00BCC561 /* KTThumbsViewController.m */,
				683342A11216BEFF00BCC561 /* KTThumbView.h */,
				683342A21216BEFF00BCC561 /* KTThumbView.m */,
			);
			name = KTPhotoBrowser;
			path = ../KTPhotoBrowser;
			sourceTree = SOURCE_ROOT;
		};
		683342B51216C00A00BCC561 /* FlickrSample */ = {
			isa = PBXGroup;
			children = (
				683342B61216C00A00BCC561 /* FlickrDataSource.h */,
				683342B71216C00A00BCC561 /* FlickrDataSource.m */,
				683342B81216C00A00BCC561 /* FlickrRootViewController.h */,
				683342B91216C00A00BCC561 /* FlickrRootViewController.m */,
			);
			path = FlickrSample;
			sourceTree = "<group>";
		};
		683342BA1216C00A00BCC561 /* LocalImageSample */ = {
			isa = PBXGroup;
			children = (
				683342BB1216C00A00BCC561 /* LocalImageRootViewController.h */,
				683342BC1216C00A00BCC561 /* LocalImageRootViewController.m */,
				683342BD1216C00A00BCC561 /* PhotoPickerController.h */,
				683342BE1216C00A00BCC561 /* PhotoPickerController.m */,
				683342BF1216C00A00BCC561 /* Photos.h */,
				683342C01216C00A00BCC561 /* Photos.m */,
				683342C11216C00A00BCC561 /* UIImage+KTCategory.h */,
				683342C21216C00A00BCC561 /* UIImage+KTCategory.m */,
			);
			path = LocalImageSample;
			sourceTree = "<group>";
		};
		683342C31216C00A00BCC561 /* SDWebImageSample */ = {
			isa = PBXGroup;
			children = (
				683342C41216C00A00BCC561 /* KTPhotoView+SDWebImage.h */,
				683342C51216C00A00BCC561 /* KTPhotoView+SDWebImage.m */,
				683342C61216C00A00BCC561 /* KTThumbView+SDWebImage.h */,
				683342C71216C00A00BCC561 /* KTThumbView+SDWebImage.m */,
				683342C81216C00A00BCC561 /* photoDefault.png */,
				683342C91216C00A00BCC561 /* SDWebImage */,
				683342D61216C00A00BCC561 /* SDWebImageDataSource.h */,
				683342D71216C00A00BCC561 /* SDWebImageDataSource.m */,
				683342D81216C00A00BCC561 /* SDWebImageRootViewController.h */,
				683342D91216C00A00BCC561 /* SDWebImageRootViewController.m */,
			);
			path = SDWebImageSample;
			sourceTree = "<group>";
		};
		683342C91216C00A00BCC561 /* SDWebImage */ = {
			isa = PBXGroup;
			children = (
				683342CA1216C00A00BCC561 /* LICENSE */,
				683342CB1216C00A00BCC561 /* README.md */,
				683342CC1216C00A00BCC561 /* SDImageCache.h */,
				683342CD1216C00A00BCC561 /* SDImageCache.m */,
				683342CE1216C00A00BCC561 /* SDWebImageDownloader.h */,
				683342CF1216C00A00BCC561 /* SDWebImageDownloader.m */,
				683342D01216C00A00BCC561 /* SDWebImageDownloaderDelegate.h */,
				683342D11216C00A00BCC561 /* SDWebImageManager.h */,
				683342D21216C00A00BCC561 /* SDWebImageManager.m */,
				683342D31216C00A00BCC561 /* SDWebImageManagerDelegate.h */,
				683342D41216C00A00BCC561 /* UIImageView+WebCache.h */,
				683342D51216C00A00BCC561 /* UIImageView+WebCache.m */,
			);
			path = SDWebImage;
			sourceTree = "<group>";
		};
/* End PBXGroup section */

/* Begin PBXNativeTarget section */
		1D6058900D05DD3D006BFB54 /* TabBarSample */ = {
			isa = PBXNativeTarget;
			buildConfigurationList = 1D6058960D05DD3E006BFB54 /* Build configuration list for PBXNativeTarget "TabBarSample" */;
			buildPhases = (
				1D60588D0D05DD3D006BFB54 /* Resources */,
				1D60588E0D05DD3D006BFB54 /* Sources */,
				1D60588F0D05DD3D006BFB54 /* Frameworks */,
			);
			buildRules = (
			);
			dependencies = (
			);
			name = TabBarSample;
			productName = TabBarSample;
			productReference = 1D6058910D05DD3D006BFB54 /* TabBarSample.app */;
			productType = "com.apple.product-type.application";
		};
/* End PBXNativeTarget section */

/* Begin PBXProject section */
		29B97313FDCFA39411CA2CEA /* Project object */ = {
			isa = PBXProject;
			buildConfigurationList = C01FCF4E08A954540054247B /* Build configuration list for PBXProject "TabBarSample" */;
			compatibilityVersion = "Xcode 3.1";
			developmentRegion = English;
			hasScannedForEncodings = 1;
			knownRegions = (
				English,
				Japanese,
				French,
				German,
			);
			mainGroup = 29B97314FDCFA39411CA2CEA /* TabBarSample */;
			projectDirPath = "";
			projectRoot = "";
			targets = (
				1D6058900D05DD3D006BFB54 /* TabBarSample */,
			);
		};
/* End PBXProject section */

/* Begin PBXResourcesBuildPhase section */
		1D60588D0D05DD3D006BFB54 /* Resources */ = {
			isa = PBXResourcesBuildPhase;
			buildActionMask = 2147483647;
			files = (
				28AD73880D9D96C1002E5188 /* MainWindow.xib in Resources */,
				683342A31216BEFF00BCC561 /* KTPhotoBrowser.bundle in Resources */,
				683342B01216BF6D00BCC561 /* LocalView.xib in Resources */,
				683342B21216BF7A00BCC561 /* FlickrView.xib in Resources */,
				683342E21216C00A00BCC561 /* photoDefault.png in Resources */,
				683342E31216C00A00BCC561 /* LICENSE in Resources */,
				683342E41216C00A00BCC561 /* README.md in Resources */,
				6833431C1216C17300BCC561 /* SDWebImageView.xib in Resources */,
			);
			runOnlyForDeploymentPostprocessing = 0;
		};
/* End PBXResourcesBuildPhase section */

/* Begin PBXSourcesBuildPhase section */
		1D60588E0D05DD3D006BFB54 /* Sources */ = {
			isa = PBXSourcesBuildPhase;
			buildActionMask = 2147483647;
			files = (
				1D60589B0D05DD56006BFB54 /* main.m in Sources */,
				1D3623260D0F684500981E51 /* TabBarSampleAppDelegate.m in Sources */,
				683342A51216BEFF00BCC561 /* KTPhotoBrowserGlobal.m in Sources */,
				683342A61216BEFF00BCC561 /* KTPhotoScrollViewController.m in Sources */,
				683342A71216BEFF00BCC561 /* KTPhotoView.m in Sources */,
				683342A91216BEFF00BCC561 /* KTThumbsView.m in Sources */,
				683342AA1216BEFF00BCC561 /* KTThumbsViewController.m in Sources */,
				683342AB1216BEFF00BCC561 /* KTThumbView.m in Sources */,
				683342DA1216C00A00BCC561 /* FlickrDataSource.m in Sources */,
				683342DB1216C00A00BCC561 /* FlickrRootViewController.m in Sources */,
				683342DC1216C00A00BCC561 /* LocalImageRootViewController.m in Sources */,
				683342DD1216C00A00BCC561 /* PhotoPickerController.m in Sources */,
				683342DE1216C00A00BCC561 /* Photos.m in Sources */,
				683342DF1216C00A00BCC561 /* UIImage+KTCategory.m in Sources */,
				683342E01216C00A00BCC561 /* KTPhotoView+SDWebImage.m in Sources */,
				683342E11216C00A00BCC561 /* KTThumbView+SDWebImage.m in Sources */,
				683342E51216C00A00BCC561 /* SDImageCache.m in Sources */,
				683342E61216C00A00BCC561 /* SDWebImageDownloader.m in Sources */,
				683342E71216C00A00BCC561 /* SDWebImageManager.m in Sources */,
				683342E81216C00A00BCC561 /* UIImageView+WebCache.m in Sources */,
				683342E91216C00A00BCC561 /* SDWebImageDataSource.m in Sources */,
				683342EA1216C00A00BCC561 /* SDWebImageRootViewController.m in Sources */,
			);
			runOnlyForDeploymentPostprocessing = 0;
		};
/* End PBXSourcesBuildPhase section */

/* Begin XCBuildConfiguration section */
		1D6058940D05DD3E006BFB54 /* Debug */ = {
			isa = XCBuildConfiguration;
			buildSettings = {
				ALWAYS_SEARCH_USER_PATHS = NO;
				COPY_PHASE_STRIP = NO;
				GCC_DYNAMIC_NO_PIC = NO;
				GCC_OPTIMIZATION_LEVEL = 0;
				GCC_PRECOMPILE_PREFIX_HEADER = YES;
				GCC_PREFIX_HEADER = TabBarSample_Prefix.pch;
				INFOPLIST_FILE = "TabBarSample-Info.plist";
				PRODUCT_NAME = TabBarSample;
				SDKROOT = iphoneos;
			};
			name = Debug;
		};
		1D6058950D05DD3E006BFB54 /* Release */ = {
			isa = XCBuildConfiguration;
			buildSettings = {
				ALWAYS_SEARCH_USER_PATHS = NO;
				COPY_PHASE_STRIP = YES;
				GCC_PRECOMPILE_PREFIX_HEADER = YES;
				GCC_PREFIX_HEADER = TabBarSample_Prefix.pch;
				INFOPLIST_FILE = "TabBarSample-Info.plist";
				PRODUCT_NAME = TabBarSample;
				SDKROOT = iphoneos;
				VALIDATE_PRODUCT = YES;
			};
			name = Release;
		};
		C01FCF4F08A954540054247B /* Debug */ = {
			isa = XCBuildConfiguration;
			buildSettings = {
				ARCHS = "$(ARCHS_STANDARD_32_BIT)";
				"CODE_SIGN_IDENTITY[sdk=iphoneos*]" = "iPhone Developer";
				GCC_C_LANGUAGE_STANDARD = c99;
				GCC_WARN_ABOUT_RETURN_TYPE = YES;
				GCC_WARN_UNUSED_VARIABLE = YES;
				PREBINDING = NO;
				SDKROOT = iphoneos4.0;
			};
			name = Debug;
		};
		C01FCF5008A954540054247B /* Release */ = {
			isa = XCBuildConfiguration;
			buildSettings = {
				ARCHS = "$(ARCHS_STANDARD_32_BIT)";
				"CODE_SIGN_IDENTITY[sdk=iphoneos*]" = "iPhone Developer";
				GCC_C_LANGUAGE_STANDARD = c99;
				GCC_WARN_ABOUT_RETURN_TYPE = YES;
				GCC_WARN_UNUSED_VARIABLE = YES;
				OTHER_CFLAGS = "-DNS_BLOCK_ASSERTIONS=1";
				PREBINDING = NO;
				SDKROOT = iphoneos4.0;
			};
			name = Release;
		};
/* End XCBuildConfiguration section */

/* Begin XCConfigurationList section */
		1D6058960D05DD3E006BFB54 /* Build configuration list for PBXNativeTarget "TabBarSample" */ = {
			isa = XCConfigurationList;
			buildConfigurations = (
				1D6058940D05DD3E006BFB54 /* Debug */,
				1D6058950D05DD3E006BFB54 /* Release */,
			);
			defaultConfigurationIsVisible = 0;
			defaultConfigurationName = Release;
		};
		C01FCF4E08A954540054247B /* Build configuration list for PBXProject "TabBarSample" */ = {
			isa = XCConfigurationList;
			buildConfigurations = (
				C01FCF4F08A954540054247B /* Debug */,
				C01FCF5008A954540054247B /* Release */,
			);
			defaultConfigurationIsVisible = 0;
			defaultConfigurationName = Release;
		};
/* End XCConfigurationList section */
	};
	rootObject = 29B97313FDCFA39411CA2CEA /* Project object */;
}
